// !$*UTF8*$!
{
	archiveVersion = 1;
	classes = {
	};
	objectVersion = 46;
	objects = {

/* Begin PBXBuildFile section */
		02E27B38F17BEF76FF522D42 /* lfunc.c in Sources */ = {isa = PBXBuildFile; fileRef = 855F31F917FFF2933D3AA429 /* lfunc.c */; };
		0546D1A38E13BD319CC9755B /* OscReceivedElements.cpp in Sources */ = {isa = PBXBuildFile; fileRef = 9BF3AA0D4FAA89D0F8A0E545 /* OscReceivedElements.cpp */; };
		0699C1CEAB1C5BB0A5D62A33 /* loslib.c in Sources */ = {isa = PBXBuildFile; fileRef = 46B044906DD09B9F75E26B56 /* loslib.c */; };
		08005D62107F95B9E29F6258 /* ldblib.c in Sources */ = {isa = PBXBuildFile; fileRef = 6B6EDE2EBF72F0F1596B35EA /* ldblib.c */; };
		0E16681A943DAF914FD70069 /* ofxFileDialog.cpp in Sources */ = {isa = PBXBuildFile; fileRef = 4679707807EF2CBCAAEF8BF7 /* ofxFileDialog.cpp */; };
		0FD2865C5D8A0BFE69E95547 /* lobject.c in Sources */ = {isa = PBXBuildFile; fileRef = B19774FE66A7F796C080D28D /* lobject.c */; };
		10497A206B4FE11B14A81B2C /* lauxlib.c in Sources */ = {isa = PBXBuildFile; fileRef = A8CF1C4E899A835167E0FCE4 /* lauxlib.c */; };
		13AAB2CF5E380A3F2634EF01 /* OscObject.cpp in Sources */ = {isa = PBXBuildFile; fileRef = BE115B6C875269D23FEF1395 /* OscObject.cpp */; };
		143D5E9F06D51CC05B7F784B /* lstrlib.c in Sources */ = {isa = PBXBuildFile; fileRef = C9973CED0CB809047C3628A3 /* lstrlib.c */; };
		16A28D418065E3E07859F565 /* lctype.c in Sources */ = {isa = PBXBuildFile; fileRef = 6FAF0C4D7597AE154B9634B6 /* lctype.c */; };
		1B2BDEFC641D5E127E42496D /* VisualBindings.cpp in Sources */ = {isa = PBXBuildFile; fileRef = 34580F7B6C2A9868431DF8DE /* VisualBindings.cpp */; };
		222B6C0C7A8F0FB101CB01AE /* Image.cpp in Sources */ = {isa = PBXBuildFile; fileRef = E7CE65C2DCC64D0F7602129A /* Image.cpp */; };
		2991D66A82B2AF8F0DF2BBFD /* ofxLuaFileWriter.cpp in Sources */ = {isa = PBXBuildFile; fileRef = 9BCCBA18FA85C5A2A68DC1E5 /* ofxLuaFileWriter.cpp */; };
		2A1E8DDFAC0050E914B898E0 /* llex.c in Sources */ = {isa = PBXBuildFile; fileRef = A7CE3D8FEA79E0D9B03143D0 /* llex.c */; };
		2B43CA2C2B2102B98853E585 /* lbaselib.c in Sources */ = {isa = PBXBuildFile; fileRef = 296C407E228207FA81337437 /* lbaselib.c */; };
		2CEA5A91F769BB162C8D046A /* lopcodes.c in Sources */ = {isa = PBXBuildFile; fileRef = 17E553E00F5C6AFAC6D09C7C /* lopcodes.c */; };
		2DA82460994281E4C819ED5D /* ofxLuaBindings.cpp in Sources */ = {isa = PBXBuildFile; fileRef = C084CFDF45ED7B0C0F213551 /* ofxLuaBindings.cpp */; };
		30724B5D1C0F03B5007299B0 /* data in CopyFiles */ = {isa = PBXBuildFile; fileRef = 30724B5C1C0F025C007299B0 /* data */; };
		35FC7D61E8DCE5721FF3F371 /* lundump.c in Sources */ = {isa = PBXBuildFile; fileRef = B2D9A0D8CCFAFFFCF4F378ED /* lundump.c */; };
		36FB91677CB0BF0EC5D92DB3 /* ScriptEngine.cpp in Sources */ = {isa = PBXBuildFile; fileRef = 235746572F760172F48AC44C /* ScriptEngine.cpp */; };
		398F4583766AA26A553E36B9 /* ofxEditorFont.cpp in Sources */ = {isa = PBXBuildFile; fileRef = 199D3E543E8D50FFFBB159F9 /* ofxEditorFont.cpp */; };
		39BD2D99826301E9CE4711A3 /* ltable.c in Sources */ = {isa = PBXBuildFile; fileRef = 327879B347519E1E5636BC19 /* ltable.c */; };
		43200B2CA40301437EEF6F28 /* Script.cpp in Sources */ = {isa = PBXBuildFile; fileRef = D6981C62A9686CE2CBAF997F /* Script.cpp */; };
		4ADB88E2FB52E76A471065DE /* ofxOscParameterSync.cpp in Sources */ = {isa = PBXBuildFile; fileRef = 0AED834CE4DEC5260AF302A2 /* ofxOscParameterSync.cpp */; };
		4AFCB170EFD78ADCCFAAF6F2 /* ofxRepl.cpp in Sources */ = {isa = PBXBuildFile; fileRef = D82F4F7F1EA4FDA3F6C0104E /* ofxRepl.cpp */; };
		4B6798D99BBE9A4429BCD053 /* lapi.c in Sources */ = {isa = PBXBuildFile; fileRef = E4CF6DEEF8657074E7B2C9C4 /* lapi.c */; };
		507CEDC155E968FCBD9FF33C /* ofxGLEditor.cpp in Sources */ = {isa = PBXBuildFile; fileRef = 24BC94DC303139BF39B61369 /* ofxGLEditor.cpp */; };
		50910FB3A58F53BC16FAE224 /* lstate.c in Sources */ = {isa = PBXBuildFile; fileRef = A0F13E8B195521D39BD43E29 /* lstate.c */; };
		510CAFE035E576A4E1502D52 /* UdpSocket.cpp in Sources */ = {isa = PBXBuildFile; fileRef = E6DEF695B88BA5FAACEAA937 /* UdpSocket.cpp */; };
		57178B2F9865D0F7A2408D49 /* ofxParticle.cpp in Sources */ = {isa = PBXBuildFile; fileRef = 55B76645E4D8D78EFD4175AE /* ofxParticle.cpp */; };
		5864AD82E20F15536D054EA3 /* ofxOscMessage.cpp in Sources */ = {isa = PBXBuildFile; fileRef = DF49D76C45D5DB505A234880 /* ofxOscMessage.cpp */; };
		5F9A42BB0D0E7BE2A7F62FDB /* ofxTransformer.cpp in Sources */ = {isa = PBXBuildFile; fileRef = 75FF1054D5948D7EDDD30E44 /* ofxTransformer.cpp */; };
		62545D179C94265CA1389D4A /* OscOutboundPacketStream.cpp in Sources */ = {isa = PBXBuildFile; fileRef = 63A47AC60FFAFC3BF093EC0F /* OscOutboundPacketStream.cpp */; };
		640279EE111671BD026CB013 /* ofxOscReceiver.cpp in Sources */ = {isa = PBXBuildFile; fileRef = C2FAC65C491D4231379F3298 /* ofxOscReceiver.cpp */; };
		64512EE0A57FFC207D21B968 /* lzio.c in Sources */ = {isa = PBXBuildFile; fileRef = 7379EB5B053F901886CD097E /* lzio.c */; };
		64D548E14B9CF3F3222F6CEE /* lcorolib.c in Sources */ = {isa = PBXBuildFile; fileRef = 58B254302DBE9D119FC5D0AA /* lcorolib.c */; };
		67FE4C7B15C2F0478C8126C2 /* NetworkingUtils.cpp in Sources */ = {isa = PBXBuildFile; fileRef = 3B361208CD4107E479F04E7B /* NetworkingUtils.cpp */; };
		689A2E396D4CE7B26BFC500D /* ofxEditorSyntax.cpp in Sources */ = {isa = PBXBuildFile; fileRef = C55A501FE09B6D3545B13FCC /* ofxEditorSyntax.cpp */; };
		6E519BD2FB1F63665E6903B5 /* Unicode.cpp in Sources */ = {isa = PBXBuildFile; fileRef = 8C9434C4D1346F228494101F /* Unicode.cpp */; };
		72A929D3561B8232A182ABFC /* ofxOscBundle.cpp in Sources */ = {isa = PBXBuildFile; fileRef = 65EEFA3DA3526E9CDD9C21F9 /* ofxOscBundle.cpp */; };
		7716C97575CFEB8BB9175A6F /* Text.cpp in Sources */ = {isa = PBXBuildFile; fileRef = F76DF88CEC21FCE5F89E92DC /* Text.cpp */; };
		792D9903388D026B87DE63D5 /* ldo.c in Sources */ = {isa = PBXBuildFile; fileRef = BE9397B700B753A501D673CB /* ldo.c */; };
		7F587E2192AA95C424BF91AB /* ofxScene.cpp in Sources */ = {isa = PBXBuildFile; fileRef = FC7E9B4A22D8921421C51E3C /* ofxScene.cpp */; };
		831B7F0AB029001B586D0B93 /* ltm.c in Sources */ = {isa = PBXBuildFile; fileRef = 9B88BEBF4CF97D602BB6C676 /* ltm.c */; };
		85AE65F04F163000EF630F5C /* Scene.cpp in Sources */ = {isa = PBXBuildFile; fileRef = 781F73BF02A917F9C115B165 /* Scene.cpp */; };
		879A251454401BC0B6E4F238 /* OscTypes.cpp in Sources */ = {isa = PBXBuildFile; fileRef = D9BFFBBF4CC43DEE890B3C3E /* OscTypes.cpp */; };
		8A939BF918ABF4857690F42F /* loadlib.c in Sources */ = {isa = PBXBuildFile; fileRef = 9A23F358E3C1201C0B842973 /* loadlib.c */; };
		8C63119EB0D1E9E31D9B226C /* lmem.c in Sources */ = {isa = PBXBuildFile; fileRef = F94DED1B7C14571FD3F16BA5 /* lmem.c */; };
		8F5205AEF8861EF234F0651A /* ofxOscSender.cpp in Sources */ = {isa = PBXBuildFile; fileRef = 81967292BFC87A0144BD32C6 /* ofxOscSender.cpp */; };
		9008DBA5C88FEF0B162B7230 /* lutf8lib.c in Sources */ = {isa = PBXBuildFile; fileRef = CF8CCD760A1729866FD5C977 /* lutf8lib.c */; };
		95CCD8CC3489307961DCA2C2 /* ofxEditorSettings.cpp in Sources */ = {isa = PBXBuildFile; fileRef = 99718C66FC5D91F08D6CBA7A /* ofxEditorSettings.cpp */; };
		A500B9161420CD9E9F7DDB39 /* lgc.c in Sources */ = {isa = PBXBuildFile; fileRef = 696E205ED12F8177BB1469B9 /* lgc.c */; };
		A821CB7F2182BA7070FB8E8C /* ResourceManager.cpp in Sources */ = {isa = PBXBuildFile; fileRef = EB44A010BAF7376E17B981A9 /* ResourceManager.cpp */; };
		A91B393E99FC3079CD08B174 /* ldump.c in Sources */ = {isa = PBXBuildFile; fileRef = 09A03334BDC8D640D4982303 /* ldump.c */; };
		A9F56084DF3D0538D788C159 /* lvm.c in Sources */ = {isa = PBXBuildFile; fileRef = 996F2C0B6706D305BBCB9B4E /* lvm.c */; };
		AAA4E1BE9B2164E1642CC5C6 /* linit.c in Sources */ = {isa = PBXBuildFile; fileRef = 2CDDC78DA55660F5B8754D12 /* linit.c */; };
		AC29B7A7FEDB0A378D08F41D /* SceneManager.cpp in Sources */ = {isa = PBXBuildFile; fileRef = 22EDA5A62C642C37311C4384 /* SceneManager.cpp */; };
		ADE367465D2A8EBAD4C7A8D9 /* IpEndpointName.cpp in Sources */ = {isa = PBXBuildFile; fileRef = ADD194746185E2DA11468377 /* IpEndpointName.cpp */; };
		ADEF9A4797FFD7EE6BE4E1D7 /* lbitlib.c in Sources */ = {isa = PBXBuildFile; fileRef = 4F161E29246E373138B1BB10 /* lbitlib.c */; };
		B31C96361B8DC4B6AAF564B4 /* lstring.c in Sources */ = {isa = PBXBuildFile; fileRef = 3F4A1FE5CBE689DE190D0C14 /* lstring.c */; };
		B67C0F268579847880CFC8A9 /* OscBindings.cpp in Sources */ = {isa = PBXBuildFile; fileRef = DF2A2AF6194EFE99106A035D /* OscBindings.cpp */; };
		BDA470AE4DF0571CBBCE8E8C /* Bitmap.cpp in Sources */ = {isa = PBXBuildFile; fileRef = 92E9485E033116E73E290A6F /* Bitmap.cpp */; };
		C4782ECC372420ACE0615B74 /* OscPrintReceivedElements.cpp in Sources */ = {isa = PBXBuildFile; fileRef = BC8881B3C8C0A1C45F042E7A /* OscPrintReceivedElements.cpp */; };
		CB6DAEA8EE562CFFA503375D /* ofxLua.cpp in Sources */ = {isa = PBXBuildFile; fileRef = DC94311C7CEBBF025EAB0087 /* ofxLua.cpp */; };
		CBAA7E526D0702B85FE6C904 /* ltablib.c in Sources */ = {isa = PBXBuildFile; fileRef = 2BED8D38C0082F7845E59C06 /* ltablib.c */; };
		CD9DCEF4F64E0D6EB0CB7F7D /* ldebug.c in Sources */ = {isa = PBXBuildFile; fileRef = EB6096A02E17D32D1323C466 /* ldebug.c */; };
		CEAB7FF44CA3A33DB36A49C5 /* lcode.c in Sources */ = {isa = PBXBuildFile; fileRef = CCF2E41663BA9C6F740A7E33 /* lcode.c */; };
		D29276FE4E80D1ADA21FA5CC /* liolib.c in Sources */ = {isa = PBXBuildFile; fileRef = 6A8B3F5DCF03CDA3ED3EE13E /* liolib.c */; };
		D59FC22E8FFFC419D5380A97 /* OscReceiver.cpp in Sources */ = {isa = PBXBuildFile; fileRef = 3EC136FE68D029712FD115F7 /* OscReceiver.cpp */; };
		D8C70DB2BC6120D71EBF23DC /* ofxQuadWarper.cpp in Sources */ = {isa = PBXBuildFile; fileRef = 63730F5F8A1ABA6F5DB78E7B /* ofxQuadWarper.cpp */; };
		E4328149138ABC9F0047C5CB /* openFrameworksDebug.a in Frameworks */ = {isa = PBXBuildFile; fileRef = E4328148138ABC890047C5CB /* openFrameworksDebug.a */; };
		E4B69E200A3A1BDC003C02F2 /* main.cpp in Sources */ = {isa = PBXBuildFile; fileRef = E4B69E1D0A3A1BDC003C02F2 /* main.cpp */; };
		E4B69E210A3A1BDC003C02F2 /* ofApp.cpp in Sources */ = {isa = PBXBuildFile; fileRef = E4B69E1E0A3A1BDC003C02F2 /* ofApp.cpp */; };
		E82EBA1255FE3AC639FCA904 /* ofxApp.cpp in Sources */ = {isa = PBXBuildFile; fileRef = 13F6D638F5246F6426128157 /* ofxApp.cpp */; };
		E874FA147A1642EC2BC94C33 /* ofxEditorColorScheme.cpp in Sources */ = {isa = PBXBuildFile; fileRef = 6D4405C4FDE6367F00C5DE69 /* ofxEditorColorScheme.cpp */; };
		EAC9F547A30B052D9752D4CC /* ofxSceneManager.cpp in Sources */ = {isa = PBXBuildFile; fileRef = 83527A3E3C29064BB9B26AC5 /* ofxSceneManager.cpp */; };
		EFFEE86E935F20BE80B1076C /* lmathlib.c in Sources */ = {isa = PBXBuildFile; fileRef = 4462FFD933C0AB104324853D /* lmathlib.c */; };
		F0728FA34BDEF5AB6E376394 /* Sprite.cpp in Sources */ = {isa = PBXBuildFile; fileRef = 288B45DF233690FA40300694 /* Sprite.cpp */; };
		F7513467F92F7AF3DAD30251 /* lparser.c in Sources */ = {isa = PBXBuildFile; fileRef = AEA75D1B35E00A9F279E2916 /* lparser.c */; };
		FADB76AE01CA121D3F41E57A /* Config.cpp in Sources */ = {isa = PBXBuildFile; fileRef = 2BDAA52E813D91B19F142ACF /* Config.cpp */; };
		FC69A079CA65D784F1C10D26 /* Video.cpp in Sources */ = {isa = PBXBuildFile; fileRef = 02BCF608FE8DEBCEFD9DD67B /* Video.cpp */; };
		FF393FD80B6AB58FBAA126CC /* ofxEditor.cpp in Sources */ = {isa = PBXBuildFile; fileRef = B0B8025979F9C25A030204A6 /* ofxEditor.cpp */; };
/* End PBXBuildFile section */

/* Begin PBXContainerItemProxy section */
		E4328147138ABC890047C5CB /* PBXContainerItemProxy */ = {
			isa = PBXContainerItemProxy;
			containerPortal = E4328143138ABC890047C5CB /* openFrameworksLib.xcodeproj */;
			proxyType = 2;
			remoteGlobalIDString = E4B27C1510CBEB8E00536013;
			remoteInfo = openFrameworks;
		};
		E4EEB9AB138B136A00A80321 /* PBXContainerItemProxy */ = {
			isa = PBXContainerItemProxy;
			containerPortal = E4328143138ABC890047C5CB /* openFrameworksLib.xcodeproj */;
			proxyType = 1;
			remoteGlobalIDString = E4B27C1410CBEB8E00536013;
			remoteInfo = openFrameworks;
		};
/* End PBXContainerItemProxy section */

/* Begin PBXCopyFilesBuildPhase section */
		E4C2427710CC5ABF004149E2 /* CopyFiles */ = {
			isa = PBXCopyFilesBuildPhase;
			buildActionMask = 2147483647;
			dstPath = "";
			dstSubfolderSpec = 7;
			files = (
				30724B5D1C0F03B5007299B0 /* data in CopyFiles */,
			);
			runOnlyForDeploymentPostprocessing = 0;
		};
/* End PBXCopyFilesBuildPhase section */

/* Begin PBXFileReference section */
		00D6D32B84B099226431108C /* ofxOsc.h */ = {isa = PBXFileReference; explicitFileType = sourcecode.c.h; fileEncoding = 30; name = ofxOsc.h; path = ../../../addons/ofxOsc/src/ofxOsc.h; sourceTree = SOURCE_ROOT; };
		029684CF678F70F6D3537A29 /* OscOutboundPacketStream.h */ = {isa = PBXFileReference; explicitFileType = sourcecode.c.h; fileEncoding = 30; name = OscOutboundPacketStream.h; path = ../../../addons/ofxOsc/libs/oscpack/src/osc/OscOutboundPacketStream.h; sourceTree = SOURCE_ROOT; };
		02BCF608FE8DEBCEFD9DD67B /* Video.cpp */ = {isa = PBXFileReference; explicitFileType = sourcecode.cpp.cpp; fileEncoding = 30; name = Video.cpp; path = src/objects/Video.cpp; sourceTree = SOURCE_ROOT; };
		097FCE1BD109D98ECB276D32 /* ofxBitmapString.h */ = {isa = PBXFileReference; explicitFileType = sourcecode.c.h; fileEncoding = 30; name = ofxBitmapString.h; path = ../../../addons/ofxAppUtils/src/ofxBitmapString.h; sourceTree = SOURCE_ROOT; };
		09A03334BDC8D640D4982303 /* ldump.c */ = {isa = PBXFileReference; explicitFileType = sourcecode.c.c; fileEncoding = 30; name = ldump.c; path = ../../../addons/ofxLua/libs/lua/ldump.c; sourceTree = SOURCE_ROOT; };
		0AED834CE4DEC5260AF302A2 /* ofxOscParameterSync.cpp */ = {isa = PBXFileReference; explicitFileType = sourcecode.cpp.cpp; fileEncoding = 30; name = ofxOscParameterSync.cpp; path = ../../../addons/ofxOsc/src/ofxOscParameterSync.cpp; sourceTree = SOURCE_ROOT; };
		0CD7E22B01780B878CDBA02D /* ofxQuadWarper.h */ = {isa = PBXFileReference; explicitFileType = sourcecode.c.h; fileEncoding = 30; name = ofxQuadWarper.h; path = ../../../addons/ofxAppUtils/src/ofxQuadWarper.h; sourceTree = SOURCE_ROOT; };
		13F6D638F5246F6426128157 /* ofxApp.cpp */ = {isa = PBXFileReference; explicitFileType = sourcecode.cpp.cpp; fileEncoding = 30; name = ofxApp.cpp; path = ../../../addons/ofxAppUtils/src/ofxApp.cpp; sourceTree = SOURCE_ROOT; };
		16440F42B6E23F2F6793334F /* ofxGLEditor.h */ = {isa = PBXFileReference; explicitFileType = sourcecode.c.h; fileEncoding = 30; name = ofxGLEditor.h; path = ../../../addons/ofxGLEditor/src/ofxGLEditor.h; sourceTree = SOURCE_ROOT; };
		17E553E00F5C6AFAC6D09C7C /* lopcodes.c */ = {isa = PBXFileReference; explicitFileType = sourcecode.c.c; fileEncoding = 30; name = lopcodes.c; path = ../../../addons/ofxLua/libs/lua/lopcodes.c; sourceTree = SOURCE_ROOT; };
		186A5E3C380FE3C1F69F5695 /* Script.h */ = {isa = PBXFileReference; explicitFileType = sourcecode.c.h; fileEncoding = 30; name = Script.h; path = src/objects/Script.h; sourceTree = SOURCE_ROOT; };
		195129592521AA26628BA6CE /* Scene.h */ = {isa = PBXFileReference; explicitFileType = sourcecode.c.h; fileEncoding = 30; name = Scene.h; path = src/Scene.h; sourceTree = SOURCE_ROOT; };
		199D3E543E8D50FFFBB159F9 /* ofxEditorFont.cpp */ = {isa = PBXFileReference; explicitFileType = sourcecode.cpp.cpp; fileEncoding = 30; name = ofxEditorFont.cpp; path = ../../../addons/ofxGLEditor/src/ofxEditorFont.cpp; sourceTree = SOURCE_ROOT; };
		20F35AFADAF0068B067E713F /* OscReceivedElements.h */ = {isa = PBXFileReference; explicitFileType = sourcecode.c.h; fileEncoding = 30; name = OscReceivedElements.h; path = ../../../addons/ofxOsc/libs/oscpack/src/osc/OscReceivedElements.h; sourceTree = SOURCE_ROOT; };
		22EDA5A62C642C37311C4384 /* SceneManager.cpp */ = {isa = PBXFileReference; explicitFileType = sourcecode.cpp.cpp; fileEncoding = 30; name = SceneManager.cpp; path = src/SceneManager.cpp; sourceTree = SOURCE_ROOT; };
		235746572F760172F48AC44C /* ScriptEngine.cpp */ = {isa = PBXFileReference; explicitFileType = sourcecode.cpp.cpp; fileEncoding = 30; name = ScriptEngine.cpp; path = src/ScriptEngine.cpp; sourceTree = SOURCE_ROOT; };
		23640F57DF6C4BB6BFC5DA4C /* PacketListener.h */ = {isa = PBXFileReference; explicitFileType = sourcecode.c.h; fileEncoding = 30; name = PacketListener.h; path = ../../../addons/ofxOsc/libs/oscpack/src/ip/PacketListener.h; sourceTree = SOURCE_ROOT; };
		24BC94DC303139BF39B61369 /* ofxGLEditor.cpp */ = {isa = PBXFileReference; explicitFileType = sourcecode.cpp.cpp; fileEncoding = 30; name = ofxGLEditor.cpp; path = ../../../addons/ofxGLEditor/src/ofxGLEditor.cpp; sourceTree = SOURCE_ROOT; };
		288B45DF233690FA40300694 /* Sprite.cpp */ = {isa = PBXFileReference; explicitFileType = sourcecode.cpp.cpp; fileEncoding = 30; name = Sprite.cpp; path = src/objects/Sprite.cpp; sourceTree = SOURCE_ROOT; };
		296C407E228207FA81337437 /* lbaselib.c */ = {isa = PBXFileReference; explicitFileType = sourcecode.c.c; fileEncoding = 30; name = lbaselib.c; path = ../../../addons/ofxLua/libs/lua/lbaselib.c; sourceTree = SOURCE_ROOT; };
		2BDAA52E813D91B19F142ACF /* Config.cpp */ = {isa = PBXFileReference; explicitFileType = sourcecode.cpp.cpp; fileEncoding = 30; name = Config.cpp; path = src/Config.cpp; sourceTree = SOURCE_ROOT; };
		2BED8D38C0082F7845E59C06 /* ltablib.c */ = {isa = PBXFileReference; explicitFileType = sourcecode.c.c; fileEncoding = 30; name = ltablib.c; path = ../../../addons/ofxLua/libs/lua/ltablib.c; sourceTree = SOURCE_ROOT; };
		2BF4F48BAC0AED62474819F4 /* ScriptEngine.h */ = {isa = PBXFileReference; explicitFileType = sourcecode.c.h; fileEncoding = 30; name = ScriptEngine.h; path = src/ScriptEngine.h; sourceTree = SOURCE_ROOT; };
		2CDDC78DA55660F5B8754D12 /* linit.c */ = {isa = PBXFileReference; explicitFileType = sourcecode.c.c; fileEncoding = 30; name = linit.c; path = ../../../addons/ofxLua/libs/lua/linit.c; sourceTree = SOURCE_ROOT; };
		2EFEE8036B389C3F0A501982 /* ltm.h */ = {isa = PBXFileReference; explicitFileType = sourcecode.c.h; fileEncoding = 30; name = ltm.h; path = ../../../addons/ofxLua/libs/lua/ltm.h; sourceTree = SOURCE_ROOT; };
		2F4C4D2EBF36C1728B54C40D /* lopcodes.h */ = {isa = PBXFileReference; explicitFileType = sourcecode.c.h; fileEncoding = 30; name = lopcodes.h; path = ../../../addons/ofxLua/libs/lua/lopcodes.h; sourceTree = SOURCE_ROOT; };
		2FD4B0329909D3527F003494 /* UdpSocket.h */ = {isa = PBXFileReference; explicitFileType = sourcecode.c.h; fileEncoding = 30; name = UdpSocket.h; path = ../../../addons/ofxOsc/libs/oscpack/src/ip/UdpSocket.h; sourceTree = SOURCE_ROOT; };
		30724B5C1C0F025C007299B0 /* data */ = {isa = PBXFileReference; lastKnownFileType = folder; name = data; path = bin/data; sourceTree = "<group>"; };
		30ACD9181C1686EE00C2526E /* optionparser.h */ = {isa = PBXFileReference; fileEncoding = 4; lastKnownFileType = sourcecode.c.h; path = optionparser.h; sourceTree = "<group>"; };
		30ACD9191C1686EE00C2526E /* Options.h */ = {isa = PBXFileReference; fileEncoding = 4; lastKnownFileType = sourcecode.c.h; path = Options.h; sourceTree = "<group>"; };
		31603EE2E9AB06CCA2C675AD /* lstate.h */ = {isa = PBXFileReference; explicitFileType = sourcecode.c.h; fileEncoding = 30; name = lstate.h; path = ../../../addons/ofxLua/libs/lua/lstate.h; sourceTree = SOURCE_ROOT; };
		327879B347519E1E5636BC19 /* ltable.c */ = {isa = PBXFileReference; explicitFileType = sourcecode.c.c; fileEncoding = 30; name = ltable.c; path = ../../../addons/ofxLua/libs/lua/ltable.c; sourceTree = SOURCE_ROOT; };
		34580F7B6C2A9868431DF8DE /* VisualBindings.cpp */ = {isa = PBXFileReference; explicitFileType = sourcecode.cpp.cpp; fileEncoding = 30; name = VisualBindings.cpp; path = src/bindings/VisualBindings.cpp; sourceTree = SOURCE_ROOT; };
		3B361208CD4107E479F04E7B /* NetworkingUtils.cpp */ = {isa = PBXFileReference; explicitFileType = sourcecode.cpp.cpp; fileEncoding = 30; name = NetworkingUtils.cpp; path = ../../../addons/ofxOsc/libs/oscpack/src/ip/posix/NetworkingUtils.cpp; sourceTree = SOURCE_ROOT; };
		3EC136FE68D029712FD115F7 /* OscReceiver.cpp */ = {isa = PBXFileReference; explicitFileType = sourcecode.cpp.cpp; fileEncoding = 30; name = OscReceiver.cpp; path = src/osc/OscReceiver.cpp; sourceTree = SOURCE_ROOT; };
		3F4A1FE5CBE689DE190D0C14 /* lstring.c */ = {isa = PBXFileReference; explicitFileType = sourcecode.c.c; fileEncoding = 30; name = lstring.c; path = ../../../addons/ofxLua/libs/lua/lstring.c; sourceTree = SOURCE_ROOT; };
		408C644C32FEBB4279B9EC75 /* Line.h */ = {isa = PBXFileReference; explicitFileType = sourcecode.c.h; fileEncoding = 30; name = Line.h; path = src/objects/Line.h; sourceTree = SOURCE_ROOT; };
		42E0E01965D0F7A39E77BD6A /* ldo.h */ = {isa = PBXFileReference; explicitFileType = sourcecode.c.h; fileEncoding = 30; name = ldo.h; path = ../../../addons/ofxLua/libs/lua/ldo.h; sourceTree = SOURCE_ROOT; };
		444657A12E59D0ED86981498 /* TimerListener.h */ = {isa = PBXFileReference; explicitFileType = sourcecode.c.h; fileEncoding = 30; name = TimerListener.h; path = ../../../addons/ofxOsc/libs/oscpack/src/ip/TimerListener.h; sourceTree = SOURCE_ROOT; };
		4462FFD933C0AB104324853D /* lmathlib.c */ = {isa = PBXFileReference; explicitFileType = sourcecode.c.c; fileEncoding = 30; name = lmathlib.c; path = ../../../addons/ofxLua/libs/lua/lmathlib.c; sourceTree = SOURCE_ROOT; };
		4679707807EF2CBCAAEF8BF7 /* ofxFileDialog.cpp */ = {isa = PBXFileReference; explicitFileType = sourcecode.cpp.cpp; fileEncoding = 30; name = ofxFileDialog.cpp; path = ../../../addons/ofxGLEditor/src/ofxFileDialog.cpp; sourceTree = SOURCE_ROOT; };
		46B044906DD09B9F75E26B56 /* loslib.c */ = {isa = PBXFileReference; explicitFileType = sourcecode.c.c; fileEncoding = 30; name = loslib.c; path = ../../../addons/ofxLua/libs/lua/loslib.c; sourceTree = SOURCE_ROOT; };
		4801B1141648F6E78FBC8B53 /* Osc.h */ = {isa = PBXFileReference; explicitFileType = sourcecode.c.h; fileEncoding = 30; name = Osc.h; path = src/bindings/Osc.h; sourceTree = SOURCE_ROOT; };
		48974F980F51769171D0B2F5 /* IpEndpointName.h */ = {isa = PBXFileReference; explicitFileType = sourcecode.c.h; fileEncoding = 30; name = IpEndpointName.h; path = ../../../addons/ofxOsc/libs/oscpack/src/ip/IpEndpointName.h; sourceTree = SOURCE_ROOT; };
		4DD2735BA11C4AB3015D477D /* Video.h */ = {isa = PBXFileReference; explicitFileType = sourcecode.c.h; fileEncoding = 30; name = Video.h; path = src/objects/Video.h; sourceTree = SOURCE_ROOT; };
		4E95FB446A9C9C6F0DE12D75 /* OscPrintReceivedElements.h */ = {isa = PBXFileReference; explicitFileType = sourcecode.c.h; fileEncoding = 30; name = OscPrintReceivedElements.h; path = ../../../addons/ofxOsc/libs/oscpack/src/osc/OscPrintReceivedElements.h; sourceTree = SOURCE_ROOT; };
		4F161E29246E373138B1BB10 /* lbitlib.c */ = {isa = PBXFileReference; explicitFileType = sourcecode.c.c; fileEncoding = 30; name = lbitlib.c; path = ../../../addons/ofxLua/libs/lua/lbitlib.c; sourceTree = SOURCE_ROOT; };
		54483CE9DFF4159E16DCCCC5 /* lmem.h */ = {isa = PBXFileReference; explicitFileType = sourcecode.c.h; fileEncoding = 30; name = lmem.h; path = ../../../addons/ofxLua/libs/lua/lmem.h; sourceTree = SOURCE_ROOT; };
		55B76645E4D8D78EFD4175AE /* ofxParticle.cpp */ = {isa = PBXFileReference; explicitFileType = sourcecode.cpp.cpp; fileEncoding = 30; name = ofxParticle.cpp; path = ../../../addons/ofxAppUtils/src/ofxParticle.cpp; sourceTree = SOURCE_ROOT; };
		57D9B46A6C79CBA14BA11339 /* ofxAppUtils.h */ = {isa = PBXFileReference; explicitFileType = sourcecode.c.h; fileEncoding = 30; name = ofxAppUtils.h; path = ../../../addons/ofxAppUtils/src/ofxAppUtils.h; sourceTree = SOURCE_ROOT; };
		58B254302DBE9D119FC5D0AA /* lcorolib.c */ = {isa = PBXFileReference; explicitFileType = sourcecode.c.c; fileEncoding = 30; name = lcorolib.c; path = ../../../addons/ofxLua/libs/lua/lcorolib.c; sourceTree = SOURCE_ROOT; };
		59D51C03B14455816C5F28B7 /* lprefix.h */ = {isa = PBXFileReference; explicitFileType = sourcecode.c.h; fileEncoding = 30; name = lprefix.h; path = ../../../addons/ofxLua/libs/lua/lprefix.h; sourceTree = SOURCE_ROOT; };
		5C9E9B3D5977C6EC92EB75D4 /* OscObject.h */ = {isa = PBXFileReference; explicitFileType = sourcecode.c.h; fileEncoding = 30; name = OscObject.h; path = src/osc/OscObject.h; sourceTree = SOURCE_ROOT; };
		5DBE6BB688AFA04A3BB83F8E /* lfunc.h */ = {isa = PBXFileReference; explicitFileType = sourcecode.c.h; fileEncoding = 30; name = lfunc.h; path = ../../../addons/ofxLua/libs/lua/lfunc.h; sourceTree = SOURCE_ROOT; };
		63730F5F8A1ABA6F5DB78E7B /* ofxQuadWarper.cpp */ = {isa = PBXFileReference; explicitFileType = sourcecode.cpp.cpp; fileEncoding = 30; name = ofxQuadWarper.cpp; path = ../../../addons/ofxAppUtils/src/ofxQuadWarper.cpp; sourceTree = SOURCE_ROOT; };
		63A47AC60FFAFC3BF093EC0F /* OscOutboundPacketStream.cpp */ = {isa = PBXFileReference; explicitFileType = sourcecode.cpp.cpp; fileEncoding = 30; name = OscOutboundPacketStream.cpp; path = ../../../addons/ofxOsc/libs/oscpack/src/osc/OscOutboundPacketStream.cpp; sourceTree = SOURCE_ROOT; };
		654312303DCC69B59603CFA1 /* matrix_funcs.h */ = {isa = PBXFileReference; explicitFileType = sourcecode.c.h; fileEncoding = 30; name = matrix_funcs.h; path = ../../../addons/ofxAppUtils/src/matrix_funcs.h; sourceTree = SOURCE_ROOT; };
		654D9D3FD3248EFA16D6DDFB /* ofxLua.h */ = {isa = PBXFileReference; explicitFileType = sourcecode.c.h; fileEncoding = 30; name = ofxLua.h; path = ../../../addons/ofxLua/src/ofxLua.h; sourceTree = SOURCE_ROOT; };
		65EEFA3DA3526E9CDD9C21F9 /* ofxOscBundle.cpp */ = {isa = PBXFileReference; explicitFileType = sourcecode.cpp.cpp; fileEncoding = 30; name = ofxOscBundle.cpp; path = ../../../addons/ofxOsc/src/ofxOscBundle.cpp; sourceTree = SOURCE_ROOT; };
		6678200CF3C7F037DAD79150 /* llimits.h */ = {isa = PBXFileReference; explicitFileType = sourcecode.c.h; fileEncoding = 30; name = llimits.h; path = ../../../addons/ofxLua/libs/lua/llimits.h; sourceTree = SOURCE_ROOT; };
		68D59562196FADBB3D4F19E3 /* ofxScene.h */ = {isa = PBXFileReference; explicitFileType = sourcecode.c.h; fileEncoding = 30; name = ofxScene.h; path = ../../../addons/ofxAppUtils/src/ofxScene.h; sourceTree = SOURCE_ROOT; };
		696E205ED12F8177BB1469B9 /* lgc.c */ = {isa = PBXFileReference; explicitFileType = sourcecode.c.c; fileEncoding = 30; name = lgc.c; path = ../../../addons/ofxLua/libs/lua/lgc.c; sourceTree = SOURCE_ROOT; };
		6A8B3F5DCF03CDA3ED3EE13E /* liolib.c */ = {isa = PBXFileReference; explicitFileType = sourcecode.c.c; fileEncoding = 30; name = liolib.c; path = ../../../addons/ofxLua/libs/lua/liolib.c; sourceTree = SOURCE_ROOT; };
		6B65E6930994CC4B2D2B8B33 /* OscPacketListener.h */ = {isa = PBXFileReference; explicitFileType = sourcecode.c.h; fileEncoding = 30; name = OscPacketListener.h; path = ../../../addons/ofxOsc/libs/oscpack/src/osc/OscPacketListener.h; sourceTree = SOURCE_ROOT; };
		6B6EDE2EBF72F0F1596B35EA /* ldblib.c */ = {isa = PBXFileReference; explicitFileType = sourcecode.c.c; fileEncoding = 30; name = ldblib.c; path = ../../../addons/ofxLua/libs/lua/ldblib.c; sourceTree = SOURCE_ROOT; };
		6BA8A23114597204D5C68767 /* ofxSceneManager.h */ = {isa = PBXFileReference; explicitFileType = sourcecode.c.h; fileEncoding = 30; name = ofxSceneManager.h; path = ../../../addons/ofxAppUtils/src/ofxSceneManager.h; sourceTree = SOURCE_ROOT; };
		6C1C49F3FDEBED75E0E3AC67 /* ofxEditorColorScheme.h */ = {isa = PBXFileReference; explicitFileType = sourcecode.c.h; fileEncoding = 30; name = ofxEditorColorScheme.h; path = ../../../addons/ofxGLEditor/src/ofxEditorColorScheme.h; sourceTree = SOURCE_ROOT; };
		6D4405C4FDE6367F00C5DE69 /* ofxEditorColorScheme.cpp */ = {isa = PBXFileReference; explicitFileType = sourcecode.cpp.cpp; fileEncoding = 30; name = ofxEditorColorScheme.cpp; path = ../../../addons/ofxGLEditor/src/ofxEditorColorScheme.cpp; sourceTree = SOURCE_ROOT; };
		6FAF0C4D7597AE154B9634B6 /* lctype.c */ = {isa = PBXFileReference; explicitFileType = sourcecode.c.c; fileEncoding = 30; name = lctype.c; path = ../../../addons/ofxLua/libs/lua/lctype.c; sourceTree = SOURCE_ROOT; };
		7379EB5B053F901886CD097E /* lzio.c */ = {isa = PBXFileReference; explicitFileType = sourcecode.c.c; fileEncoding = 30; name = lzio.c; path = ../../../addons/ofxLua/libs/lua/lzio.c; sourceTree = SOURCE_ROOT; };
		75FF1054D5948D7EDDD30E44 /* ofxTransformer.cpp */ = {isa = PBXFileReference; explicitFileType = sourcecode.cpp.cpp; fileEncoding = 30; name = ofxTransformer.cpp; path = ../../../addons/ofxAppUtils/src/ofxTransformer.cpp; sourceTree = SOURCE_ROOT; };
		7689F8A0F3D0B7635A8C3104 /* ofxOscArg.h */ = {isa = PBXFileReference; explicitFileType = sourcecode.c.h; fileEncoding = 30; name = ofxOscArg.h; path = ../../../addons/ofxOsc/src/ofxOscArg.h; sourceTree = SOURCE_ROOT; };
		781F73BF02A917F9C115B165 /* Scene.cpp */ = {isa = PBXFileReference; explicitFileType = sourcecode.cpp.cpp; fileEncoding = 30; name = Scene.cpp; path = src/Scene.cpp; sourceTree = SOURCE_ROOT; };
		80F7E90EBD1674330A631790 /* Text.h */ = {isa = PBXFileReference; explicitFileType = sourcecode.c.h; fileEncoding = 30; name = Text.h; path = src/objects/Text.h; sourceTree = SOURCE_ROOT; };
		81967292BFC87A0144BD32C6 /* ofxOscSender.cpp */ = {isa = PBXFileReference; explicitFileType = sourcecode.cpp.cpp; fileEncoding = 30; name = ofxOscSender.cpp; path = ../../../addons/ofxOsc/src/ofxOscSender.cpp; sourceTree = SOURCE_ROOT; };
		81FF9CEA902BD4C4BD8E791B /* lundump.h */ = {isa = PBXFileReference; explicitFileType = sourcecode.c.h; fileEncoding = 30; name = lundump.h; path = ../../../addons/ofxLua/libs/lua/lundump.h; sourceTree = SOURCE_ROOT; };
		831C416334D480A6D123B8F8 /* ofxEditor.h */ = {isa = PBXFileReference; explicitFileType = sourcecode.c.h; fileEncoding = 30; name = ofxEditor.h; path = ../../../addons/ofxGLEditor/src/ofxEditor.h; sourceTree = SOURCE_ROOT; };
		83527A3E3C29064BB9B26AC5 /* ofxSceneManager.cpp */ = {isa = PBXFileReference; explicitFileType = sourcecode.cpp.cpp; fileEncoding = 30; name = ofxSceneManager.cpp; path = ../../../addons/ofxAppUtils/src/ofxSceneManager.cpp; sourceTree = SOURCE_ROOT; };
		855F31F917FFF2933D3AA429 /* lfunc.c */ = {isa = PBXFileReference; explicitFileType = sourcecode.c.c; fileEncoding = 30; name = lfunc.c; path = ../../../addons/ofxLua/libs/lua/lfunc.c; sourceTree = SOURCE_ROOT; };
		888E021963530D71DC2E2024 /* llex.h */ = {isa = PBXFileReference; explicitFileType = sourcecode.c.h; fileEncoding = 30; name = llex.h; path = ../../../addons/ofxLua/libs/lua/llex.h; sourceTree = SOURCE_ROOT; };
		896EC9C53CAC8D632FE45528 /* OscReceiver.h */ = {isa = PBXFileReference; explicitFileType = sourcecode.c.h; fileEncoding = 30; name = OscReceiver.h; path = src/osc/OscReceiver.h; sourceTree = SOURCE_ROOT; };
		8B30E93FD3D3475EED522A0E /* ofxOscBundle.h */ = {isa = PBXFileReference; explicitFileType = sourcecode.c.h; fileEncoding = 30; name = ofxOscBundle.h; path = ../../../addons/ofxOsc/src/ofxOscBundle.h; sourceTree = SOURCE_ROOT; };
		8C75AFC8774A62495DD53464 /* ofxOscReceiver.h */ = {isa = PBXFileReference; explicitFileType = sourcecode.c.h; fileEncoding = 30; name = ofxOscReceiver.h; path = ../../../addons/ofxOsc/src/ofxOscReceiver.h; sourceTree = SOURCE_ROOT; };
		8C9434C4D1346F228494101F /* Unicode.cpp */ = {isa = PBXFileReference; explicitFileType = sourcecode.cpp.cpp; fileEncoding = 30; name = Unicode.cpp; path = ../../../addons/ofxGLEditor/src/Unicode.cpp; sourceTree = SOURCE_ROOT; };
		8D09A60588F1534102401360 /* fontstash.h */ = {isa = PBXFileReference; explicitFileType = sourcecode.c.h; fileEncoding = 30; name = fontstash.h; path = ../../../addons/ofxGLEditor/libs/fontstash/include/fontstash.h; sourceTree = SOURCE_ROOT; };
		8D8510C3345C50496CF2D634 /* lcode.h */ = {isa = PBXFileReference; explicitFileType = sourcecode.c.h; fileEncoding = 30; name = lcode.h; path = ../../../addons/ofxLua/libs/lua/lcode.h; sourceTree = SOURCE_ROOT; };
		8FE15579C1852E388FF0858A /* ofxEditorSyntax.h */ = {isa = PBXFileReference; explicitFileType = sourcecode.c.h; fileEncoding = 30; name = ofxEditorSyntax.h; path = ../../../addons/ofxGLEditor/src/ofxEditorSyntax.h; sourceTree = SOURCE_ROOT; };
		917E84E4F57957F7A5BD76F7 /* ofxTimer.h */ = {isa = PBXFileReference; explicitFileType = sourcecode.c.h; fileEncoding = 30; name = ofxTimer.h; path = ../../../addons/ofxAppUtils/src/ofxTimer.h; sourceTree = SOURCE_ROOT; };
		92E9485E033116E73E290A6F /* Bitmap.cpp */ = {isa = PBXFileReference; explicitFileType = sourcecode.cpp.cpp; fileEncoding = 30; name = Bitmap.cpp; path = src/objects/Bitmap.cpp; sourceTree = SOURCE_ROOT; };
		95EAE53B9CBE6A7F86FDD273 /* lvm.h */ = {isa = PBXFileReference; explicitFileType = sourcecode.c.h; fileEncoding = 30; name = lvm.h; path = ../../../addons/ofxLua/libs/lua/lvm.h; sourceTree = SOURCE_ROOT; };
		97AC5D82D06DAB2345FDB039 /* Config.h */ = {isa = PBXFileReference; explicitFileType = sourcecode.c.h; fileEncoding = 30; name = Config.h; path = src/Config.h; sourceTree = SOURCE_ROOT; };
		996F2C0B6706D305BBCB9B4E /* lvm.c */ = {isa = PBXFileReference; explicitFileType = sourcecode.c.c; fileEncoding = 30; name = lvm.c; path = ../../../addons/ofxLua/libs/lua/lvm.c; sourceTree = SOURCE_ROOT; };
		99718C66FC5D91F08D6CBA7A /* ofxEditorSettings.cpp */ = {isa = PBXFileReference; explicitFileType = sourcecode.cpp.cpp; fileEncoding = 30; name = ofxEditorSettings.cpp; path = ../../../addons/ofxGLEditor/src/ofxEditorSettings.cpp; sourceTree = SOURCE_ROOT; };
		9A23F358E3C1201C0B842973 /* loadlib.c */ = {isa = PBXFileReference; explicitFileType = sourcecode.c.c; fileEncoding = 30; name = loadlib.c; path = ../../../addons/ofxLua/libs/lua/loadlib.c; sourceTree = SOURCE_ROOT; };
		9B88BEBF4CF97D602BB6C676 /* ltm.c */ = {isa = PBXFileReference; explicitFileType = sourcecode.c.c; fileEncoding = 30; name = ltm.c; path = ../../../addons/ofxLua/libs/lua/ltm.c; sourceTree = SOURCE_ROOT; };
		9BCCBA18FA85C5A2A68DC1E5 /* ofxLuaFileWriter.cpp */ = {isa = PBXFileReference; explicitFileType = sourcecode.cpp.cpp; fileEncoding = 30; name = ofxLuaFileWriter.cpp; path = ../../../addons/ofxLua/src/ofxLuaFileWriter.cpp; sourceTree = SOURCE_ROOT; };
		9BF3AA0D4FAA89D0F8A0E545 /* OscReceivedElements.cpp */ = {isa = PBXFileReference; explicitFileType = sourcecode.cpp.cpp; fileEncoding = 30; name = OscReceivedElements.cpp; path = ../../../addons/ofxOsc/libs/oscpack/src/osc/OscReceivedElements.cpp; sourceTree = SOURCE_ROOT; };
		9F7986DC4EB05E75FCE2C777 /* ofxOscSender.h */ = {isa = PBXFileReference; explicitFileType = sourcecode.c.h; fileEncoding = 30; name = ofxOscSender.h; path = ../../../addons/ofxOsc/src/ofxOscSender.h; sourceTree = SOURCE_ROOT; };
		A0F13E8B195521D39BD43E29 /* lstate.c */ = {isa = PBXFileReference; explicitFileType = sourcecode.c.c; fileEncoding = 30; name = lstate.c; path = ../../../addons/ofxLua/libs/lua/lstate.c; sourceTree = SOURCE_ROOT; };
		A2AAA8CA403479E6FCDF920E /* OscHostEndianness.h */ = {isa = PBXFileReference; explicitFileType = sourcecode.c.h; fileEncoding = 30; name = OscHostEndianness.h; path = ../../../addons/ofxOsc/libs/oscpack/src/osc/OscHostEndianness.h; sourceTree = SOURCE_ROOT; };
		A3864021DAD568AF1BB6D26D /* Unicode.h */ = {isa = PBXFileReference; explicitFileType = sourcecode.c.h; fileEncoding = 30; name = Unicode.h; path = ../../../addons/ofxGLEditor/src/Unicode.h; sourceTree = SOURCE_ROOT; };
		A3BECC1A840DED0C2712376F /* ofxRepl.h */ = {isa = PBXFileReference; explicitFileType = sourcecode.c.h; fileEncoding = 30; name = ofxRepl.h; path = ../../../addons/ofxGLEditor/src/ofxRepl.h; sourceTree = SOURCE_ROOT; };
		A7CE3D8FEA79E0D9B03143D0 /* llex.c */ = {isa = PBXFileReference; explicitFileType = sourcecode.c.c; fileEncoding = 30; name = llex.c; path = ../../../addons/ofxLua/libs/lua/llex.c; sourceTree = SOURCE_ROOT; };
		A8CF1C4E899A835167E0FCE4 /* lauxlib.c */ = {isa = PBXFileReference; explicitFileType = sourcecode.c.c; fileEncoding = 30; name = lauxlib.c; path = ../../../addons/ofxLua/libs/lua/lauxlib.c; sourceTree = SOURCE_ROOT; };
		AB61BCCFA598AC3D63F98198 /* ofxFileDialog.h */ = {isa = PBXFileReference; explicitFileType = sourcecode.c.h; fileEncoding = 30; name = ofxFileDialog.h; path = ../../../addons/ofxGLEditor/src/ofxFileDialog.h; sourceTree = SOURCE_ROOT; };
		AB86B0CA1C2DBA53388C022E /* ofxEditorFont.h */ = {isa = PBXFileReference; explicitFileType = sourcecode.c.h; fileEncoding = 30; name = ofxEditorFont.h; path = ../../../addons/ofxGLEditor/src/ofxEditorFont.h; sourceTree = SOURCE_ROOT; };
		AD4ED35C34C7716523E3F68E /* ofxApp.h */ = {isa = PBXFileReference; explicitFileType = sourcecode.c.h; fileEncoding = 30; name = ofxApp.h; path = ../../../addons/ofxAppUtils/src/ofxApp.h; sourceTree = SOURCE_ROOT; };
		ADD194746185E2DA11468377 /* IpEndpointName.cpp */ = {isa = PBXFileReference; explicitFileType = sourcecode.cpp.cpp; fileEncoding = 30; name = IpEndpointName.cpp; path = ../../../addons/ofxOsc/libs/oscpack/src/ip/IpEndpointName.cpp; sourceTree = SOURCE_ROOT; };
		AE335EB4709BFD4671EEAC84 /* MessageMappingOscPacketListener.h */ = {isa = PBXFileReference; explicitFileType = sourcecode.c.h; fileEncoding = 30; name = MessageMappingOscPacketListener.h; path = ../../../addons/ofxOsc/libs/oscpack/src/osc/MessageMappingOscPacketListener.h; sourceTree = SOURCE_ROOT; };
		AEA75D1B35E00A9F279E2916 /* lparser.c */ = {isa = PBXFileReference; explicitFileType = sourcecode.c.c; fileEncoding = 30; name = lparser.c; path = ../../../addons/ofxLua/libs/lua/lparser.c; sourceTree = SOURCE_ROOT; };
		B0B8025979F9C25A030204A6 /* ofxEditor.cpp */ = {isa = PBXFileReference; explicitFileType = sourcecode.cpp.cpp; fileEncoding = 30; name = ofxEditor.cpp; path = ../../../addons/ofxGLEditor/src/ofxEditor.cpp; sourceTree = SOURCE_ROOT; };
		B0E84507DD6046CE9C15BD2D /* luaconf.h */ = {isa = PBXFileReference; explicitFileType = sourcecode.c.h; fileEncoding = 30; name = luaconf.h; path = ../../../addons/ofxLua/libs/lua/luaconf.h; sourceTree = SOURCE_ROOT; };
		B19774FE66A7F796C080D28D /* lobject.c */ = {isa = PBXFileReference; explicitFileType = sourcecode.c.c; fileEncoding = 30; name = lobject.c; path = ../../../addons/ofxLua/libs/lua/lobject.c; sourceTree = SOURCE_ROOT; };
		B1992EDEAA163CA002BB8169 /* ltable.h */ = {isa = PBXFileReference; explicitFileType = sourcecode.c.h; fileEncoding = 30; name = ltable.h; path = ../../../addons/ofxLua/libs/lua/ltable.h; sourceTree = SOURCE_ROOT; };
		B2D9A0D8CCFAFFFCF4F378ED /* lundump.c */ = {isa = PBXFileReference; explicitFileType = sourcecode.c.c; fileEncoding = 30; name = lundump.c; path = ../../../addons/ofxLua/libs/lua/lundump.c; sourceTree = SOURCE_ROOT; };
		B31C608870ECEB2490A93736 /* ofxOscParameterSync.h */ = {isa = PBXFileReference; explicitFileType = sourcecode.c.h; fileEncoding = 30; name = ofxOscParameterSync.h; path = ../../../addons/ofxOsc/src/ofxOscParameterSync.h; sourceTree = SOURCE_ROOT; };
		B32E123FF58DE52B711F056C /* ResourceManager.h */ = {isa = PBXFileReference; explicitFileType = sourcecode.c.h; fileEncoding = 30; name = ResourceManager.h; path = src/ResourceManager.h; sourceTree = SOURCE_ROOT; };
		B631BA3B4EED9D803F3AB29E /* Objects.h */ = {isa = PBXFileReference; explicitFileType = sourcecode.c.h; fileEncoding = 30; name = Objects.h; path = src/objects/Objects.h; sourceTree = SOURCE_ROOT; };
		B7F744168F5F9F9D73E0C6FC /* lobject.h */ = {isa = PBXFileReference; explicitFileType = sourcecode.c.h; fileEncoding = 30; name = lobject.h; path = ../../../addons/ofxLua/libs/lua/lobject.h; sourceTree = SOURCE_ROOT; };
		B8171158AAAA0027520EEAF7 /* ofxParticleManager.h */ = {isa = PBXFileReference; explicitFileType = sourcecode.c.h; fileEncoding = 30; name = ofxParticleManager.h; path = ../../../addons/ofxAppUtils/src/ofxParticleManager.h; sourceTree = SOURCE_ROOT; };
		BB36A537252B2CD5BCC7614D /* lauxlib.h */ = {isa = PBXFileReference; explicitFileType = sourcecode.c.h; fileEncoding = 30; name = lauxlib.h; path = ../../../addons/ofxLua/libs/lua/lauxlib.h; sourceTree = SOURCE_ROOT; };
		BC8881B3C8C0A1C45F042E7A /* OscPrintReceivedElements.cpp */ = {isa = PBXFileReference; explicitFileType = sourcecode.cpp.cpp; fileEncoding = 30; name = OscPrintReceivedElements.cpp; path = ../../../addons/ofxOsc/libs/oscpack/src/osc/OscPrintReceivedElements.cpp; sourceTree = SOURCE_ROOT; };
		BE115B6C875269D23FEF1395 /* OscObject.cpp */ = {isa = PBXFileReference; explicitFileType = sourcecode.cpp.cpp; fileEncoding = 30; name = OscObject.cpp; path = src/osc/OscObject.cpp; sourceTree = SOURCE_ROOT; };
		BE9397B700B753A501D673CB /* ldo.c */ = {isa = PBXFileReference; explicitFileType = sourcecode.c.c; fileEncoding = 30; name = ldo.c; path = ../../../addons/ofxLua/libs/lua/ldo.c; sourceTree = SOURCE_ROOT; };
		C084CFDF45ED7B0C0F213551 /* ofxLuaBindings.cpp */ = {isa = PBXFileReference; explicitFileType = sourcecode.cpp.cpp; fileEncoding = 30; name = ofxLuaBindings.cpp; path = ../../../addons/ofxLua/src/bindings/desktop/ofxLuaBindings.cpp; sourceTree = SOURCE_ROOT; };
		C12BADEB07BA0532E6BE65C0 /* Sprite.h */ = {isa = PBXFileReference; explicitFileType = sourcecode.c.h; fileEncoding = 30; name = Sprite.h; path = src/objects/Sprite.h; sourceTree = SOURCE_ROOT; };
		C2FAC65C491D4231379F3298 /* ofxOscReceiver.cpp */ = {isa = PBXFileReference; explicitFileType = sourcecode.cpp.cpp; fileEncoding = 30; name = ofxOscReceiver.cpp; path = ../../../addons/ofxOsc/src/ofxOscReceiver.cpp; sourceTree = SOURCE_ROOT; };
		C544FD7B31B1AB7D56AEA53E /* ofxMovingAverage.h */ = {isa = PBXFileReference; explicitFileType = sourcecode.c.h; fileEncoding = 30; name = ofxMovingAverage.h; path = ../../../addons/ofxAppUtils/src/ofxMovingAverage.h; sourceTree = SOURCE_ROOT; };
		C55A501FE09B6D3545B13FCC /* ofxEditorSyntax.cpp */ = {isa = PBXFileReference; explicitFileType = sourcecode.cpp.cpp; fileEncoding = 30; name = ofxEditorSyntax.cpp; path = ../../../addons/ofxGLEditor/src/ofxEditorSyntax.cpp; sourceTree = SOURCE_ROOT; };
		C58862C6D212C8E8A83810F4 /* ofxOscMessage.h */ = {isa = PBXFileReference; explicitFileType = sourcecode.c.h; fileEncoding = 30; name = ofxOscMessage.h; path = ../../../addons/ofxOsc/src/ofxOscMessage.h; sourceTree = SOURCE_ROOT; };
		C6937888E126BADC8777423B /* OscTypes.h */ = {isa = PBXFileReference; explicitFileType = sourcecode.c.h; fileEncoding = 30; name = OscTypes.h; path = ../../../addons/ofxOsc/libs/oscpack/src/osc/OscTypes.h; sourceTree = SOURCE_ROOT; };
		C9973CED0CB809047C3628A3 /* lstrlib.c */ = {isa = PBXFileReference; explicitFileType = sourcecode.c.c; fileEncoding = 30; name = lstrlib.c; path = ../../../addons/ofxLua/libs/lua/lstrlib.c; sourceTree = SOURCE_ROOT; };
		CACA79E26529CC8D840FA05A /* ofxEditorSettings.h */ = {isa = PBXFileReference; explicitFileType = sourcecode.c.h; fileEncoding = 30; name = ofxEditorSettings.h; path = ../../../addons/ofxGLEditor/src/ofxEditorSettings.h; sourceTree = SOURCE_ROOT; };
		CCF2E41663BA9C6F740A7E33 /* lcode.c */ = {isa = PBXFileReference; explicitFileType = sourcecode.c.c; fileEncoding = 30; name = lcode.c; path = ../../../addons/ofxLua/libs/lua/lcode.c; sourceTree = SOURCE_ROOT; };
		CD186F42EA22DF1DCDA1B408 /* stb_truetype.h */ = {isa = PBXFileReference; explicitFileType = sourcecode.c.h; fileEncoding = 30; name = stb_truetype.h; path = ../../../addons/ofxGLEditor/libs/fontstash/include/stb_truetype.h; sourceTree = SOURCE_ROOT; };
		CF6753649DA389DFDE3EFB97 /* lctype.h */ = {isa = PBXFileReference; explicitFileType = sourcecode.c.h; fileEncoding = 30; name = lctype.h; path = ../../../addons/ofxLua/libs/lua/lctype.h; sourceTree = SOURCE_ROOT; };
		CF8CCD760A1729866FD5C977 /* lutf8lib.c */ = {isa = PBXFileReference; explicitFileType = sourcecode.c.c; fileEncoding = 30; name = lutf8lib.c; path = ../../../addons/ofxLua/libs/lua/lutf8lib.c; sourceTree = SOURCE_ROOT; };
		CFE9EE9D8E455627CEA7347F /* ofxTransformer.h */ = {isa = PBXFileReference; explicitFileType = sourcecode.c.h; fileEncoding = 30; name = ofxTransformer.h; path = ../../../addons/ofxAppUtils/src/ofxTransformer.h; sourceTree = SOURCE_ROOT; };
		D1E255E3725B9EF7F3B976AF /* ofxLuaBindings.h */ = {isa = PBXFileReference; explicitFileType = sourcecode.c.h; fileEncoding = 30; name = ofxLuaBindings.h; path = ../../../addons/ofxLua/src/bindings/ofxLuaBindings.h; sourceTree = SOURCE_ROOT; };
		D1F50941E34606D0D7BD1D06 /* Rectangle.h */ = {isa = PBXFileReference; explicitFileType = sourcecode.c.h; fileEncoding = 30; name = Rectangle.h; path = src/objects/Rectangle.h; sourceTree = SOURCE_ROOT; };
		D20C3309F863F6F3C3FA053E /* Visual.h */ = {isa = PBXFileReference; explicitFileType = sourcecode.c.h; fileEncoding = 30; name = Visual.h; path = src/bindings/Visual.h; sourceTree = SOURCE_ROOT; };
		D6981C62A9686CE2CBAF997F /* Script.cpp */ = {isa = PBXFileReference; explicitFileType = sourcecode.cpp.cpp; fileEncoding = 30; name = Script.cpp; path = src/objects/Script.cpp; sourceTree = SOURCE_ROOT; };
		D81DB9A7FC999565535E14E8 /* Bitmap.h */ = {isa = PBXFileReference; explicitFileType = sourcecode.c.h; fileEncoding = 30; name = Bitmap.h; path = src/objects/Bitmap.h; sourceTree = SOURCE_ROOT; };
		D82F4F7F1EA4FDA3F6C0104E /* ofxRepl.cpp */ = {isa = PBXFileReference; explicitFileType = sourcecode.cpp.cpp; fileEncoding = 30; name = ofxRepl.cpp; path = ../../../addons/ofxGLEditor/src/ofxRepl.cpp; sourceTree = SOURCE_ROOT; };
		D9BFFBBF4CC43DEE890B3C3E /* OscTypes.cpp */ = {isa = PBXFileReference; explicitFileType = sourcecode.cpp.cpp; fileEncoding = 30; name = OscTypes.cpp; path = ../../../addons/ofxOsc/libs/oscpack/src/osc/OscTypes.cpp; sourceTree = SOURCE_ROOT; };
		DC94311C7CEBBF025EAB0087 /* ofxLua.cpp */ = {isa = PBXFileReference; explicitFileType = sourcecode.cpp.cpp; fileEncoding = 30; name = ofxLua.cpp; path = ../../../addons/ofxLua/src/ofxLua.cpp; sourceTree = SOURCE_ROOT; };
		DEECC5E4443B022EF1895C5B /* DrawableObject.h */ = {isa = PBXFileReference; explicitFileType = sourcecode.c.h; fileEncoding = 30; name = DrawableObject.h; path = src/objects/DrawableObject.h; sourceTree = SOURCE_ROOT; };
		DEF2A2A17839B2B6C96CF874 /* lgc.h */ = {isa = PBXFileReference; explicitFileType = sourcecode.c.h; fileEncoding = 30; name = lgc.h; path = ../../../addons/ofxLua/libs/lua/lgc.h; sourceTree = SOURCE_ROOT; };
		DF2A2AF6194EFE99106A035D /* OscBindings.cpp */ = {isa = PBXFileReference; explicitFileType = sourcecode.cpp.cpp; fileEncoding = 30; name = OscBindings.cpp; path = src/bindings/OscBindings.cpp; sourceTree = SOURCE_ROOT; };
		DF49D76C45D5DB505A234880 /* ofxOscMessage.cpp */ = {isa = PBXFileReference; explicitFileType = sourcecode.cpp.cpp; fileEncoding = 30; name = ofxOscMessage.cpp; path = ../../../addons/ofxOsc/src/ofxOscMessage.cpp; sourceTree = SOURCE_ROOT; };
		E215BB56539BB0039F1482CB /* lua.h */ = {isa = PBXFileReference; explicitFileType = sourcecode.c.h; fileEncoding = 30; name = lua.h; path = ../../../addons/ofxLua/libs/lua/lua.h; sourceTree = SOURCE_ROOT; };
		E3C20188C8E4EBABCE962392 /* lzio.h */ = {isa = PBXFileReference; explicitFileType = sourcecode.c.h; fileEncoding = 30; name = lzio.h; path = ../../../addons/ofxLua/libs/lua/lzio.h; sourceTree = SOURCE_ROOT; };
		E4328143138ABC890047C5CB /* openFrameworksLib.xcodeproj */ = {isa = PBXFileReference; lastKnownFileType = "wrapper.pb-project"; name = openFrameworksLib.xcodeproj; path = ../../../libs/openFrameworksCompiled/project/osx/openFrameworksLib.xcodeproj; sourceTree = SOURCE_ROOT; };
		E4B69B5B0A3A1756003C02F2 /* VisualDebug.app */ = {isa = PBXFileReference; explicitFileType = wrapper.application; includeInIndex = 0; path = VisualDebug.app; sourceTree = BUILT_PRODUCTS_DIR; };
		E4B69E1D0A3A1BDC003C02F2 /* main.cpp */ = {isa = PBXFileReference; fileEncoding = 30; lastKnownFileType = sourcecode.cpp.cpp; name = main.cpp; path = src/main.cpp; sourceTree = SOURCE_ROOT; };
		E4B69E1E0A3A1BDC003C02F2 /* ofApp.cpp */ = {isa = PBXFileReference; explicitFileType = sourcecode.cpp.cpp; fileEncoding = 30; name = ofApp.cpp; path = src/ofApp.cpp; sourceTree = SOURCE_ROOT; };
		E4B69E1F0A3A1BDC003C02F2 /* ofApp.h */ = {isa = PBXFileReference; fileEncoding = 30; lastKnownFileType = sourcecode.c.h; name = ofApp.h; path = src/ofApp.h; sourceTree = SOURCE_ROOT; };
		E4B6FCAD0C3E899E008CF71C /* openFrameworks-Info.plist */ = {isa = PBXFileReference; fileEncoding = 30; lastKnownFileType = text.plist.xml; path = "openFrameworks-Info.plist"; sourceTree = "<group>"; };
		E4CF6DEEF8657074E7B2C9C4 /* lapi.c */ = {isa = PBXFileReference; explicitFileType = sourcecode.c.c; fileEncoding = 30; name = lapi.c; path = ../../../addons/ofxLua/libs/lua/lapi.c; sourceTree = SOURCE_ROOT; };
		E4EB691F138AFCF100A09F29 /* CoreOF.xcconfig */ = {isa = PBXFileReference; fileEncoding = 4; lastKnownFileType = text.xcconfig; name = CoreOF.xcconfig; path = ../../../libs/openFrameworksCompiled/project/osx/CoreOF.xcconfig; sourceTree = SOURCE_ROOT; };
		E4EB6923138AFD0F00A09F29 /* Project.xcconfig */ = {isa = PBXFileReference; fileEncoding = 4; lastKnownFileType = text.xcconfig; path = Project.xcconfig; sourceTree = "<group>"; };
		E6197C6C6F1FCEB4F3565E7A /* ofxLuaFileWriter.h */ = {isa = PBXFileReference; explicitFileType = sourcecode.c.h; fileEncoding = 30; name = ofxLuaFileWriter.h; path = ../../../addons/ofxLua/src/ofxLuaFileWriter.h; sourceTree = SOURCE_ROOT; };
		E6C926CA7EF6E1AC4DDA5E54 /* lstring.h */ = {isa = PBXFileReference; explicitFileType = sourcecode.c.h; fileEncoding = 30; name = lstring.h; path = ../../../addons/ofxLua/libs/lua/lstring.h; sourceTree = SOURCE_ROOT; };
		E6DEF695B88BA5FAACEAA937 /* UdpSocket.cpp */ = {isa = PBXFileReference; explicitFileType = sourcecode.cpp.cpp; fileEncoding = 30; name = UdpSocket.cpp; path = ../../../addons/ofxOsc/libs/oscpack/src/ip/posix/UdpSocket.cpp; sourceTree = SOURCE_ROOT; };
		E7CE65C2DCC64D0F7602129A /* Image.cpp */ = {isa = PBXFileReference; explicitFileType = sourcecode.cpp.cpp; fileEncoding = 30; name = Image.cpp; path = src/objects/Image.cpp; sourceTree = SOURCE_ROOT; };
		E859A92EE55ED2498B3B7FF6 /* Pixel.h */ = {isa = PBXFileReference; explicitFileType = sourcecode.c.h; fileEncoding = 30; name = Pixel.h; path = src/objects/Pixel.h; sourceTree = SOURCE_ROOT; };
		EA11F25C2EEDD0CC8B994E63 /* ofxParticle.h */ = {isa = PBXFileReference; explicitFileType = sourcecode.c.h; fileEncoding = 30; name = ofxParticle.h; path = ../../../addons/ofxAppUtils/src/ofxParticle.h; sourceTree = SOURCE_ROOT; };
		EB0CB2C7A9C3A06F58066A2F /* SceneManager.h */ = {isa = PBXFileReference; explicitFileType = sourcecode.c.h; fileEncoding = 30; name = SceneManager.h; path = src/SceneManager.h; sourceTree = SOURCE_ROOT; };
		EB44A010BAF7376E17B981A9 /* ResourceManager.cpp */ = {isa = PBXFileReference; explicitFileType = sourcecode.cpp.cpp; fileEncoding = 30; name = ResourceManager.cpp; path = src/ResourceManager.cpp; sourceTree = SOURCE_ROOT; };
		EB6096A02E17D32D1323C466 /* ldebug.c */ = {isa = PBXFileReference; explicitFileType = sourcecode.c.c; fileEncoding = 30; name = ldebug.c; path = ../../../addons/ofxLua/libs/lua/ldebug.c; sourceTree = SOURCE_ROOT; };
		ED3A1DEC0EB31A0D7F84F4F5 /* ldebug.h */ = {isa = PBXFileReference; explicitFileType = sourcecode.c.h; fileEncoding = 30; name = ldebug.h; path = ../../../addons/ofxLua/libs/lua/ldebug.h; sourceTree = SOURCE_ROOT; };
		ED864D70679893DE968E516D /* lualib.h */ = {isa = PBXFileReference; explicitFileType = sourcecode.c.h; fileEncoding = 30; name = lualib.h; path = ../../../addons/ofxLua/libs/lua/lualib.h; sourceTree = SOURCE_ROOT; };
		EE11492227233B7B2892C6AF /* lparser.h */ = {isa = PBXFileReference; explicitFileType = sourcecode.c.h; fileEncoding = 30; name = lparser.h; path = ../../../addons/ofxLua/libs/lua/lparser.h; sourceTree = SOURCE_ROOT; };
		F20E2A61F96A073B28CBBFAB /* Image.h */ = {isa = PBXFileReference; explicitFileType = sourcecode.c.h; fileEncoding = 30; name = Image.h; path = src/objects/Image.h; sourceTree = SOURCE_ROOT; };
		F4F5B6B8BA2BD52C646ED908 /* OscException.h */ = {isa = PBXFileReference; explicitFileType = sourcecode.c.h; fileEncoding = 30; name = OscException.h; path = ../../../addons/ofxOsc/libs/oscpack/src/osc/OscException.h; sourceTree = SOURCE_ROOT; };
		F76DF88CEC21FCE5F89E92DC /* Text.cpp */ = {isa = PBXFileReference; explicitFileType = sourcecode.cpp.cpp; fileEncoding = 30; name = Text.cpp; path = src/objects/Text.cpp; sourceTree = SOURCE_ROOT; };
		F7FBC56859535E597B24BB91 /* NetworkingUtils.h */ = {isa = PBXFileReference; explicitFileType = sourcecode.c.h; fileEncoding = 30; name = NetworkingUtils.h; path = ../../../addons/ofxOsc/libs/oscpack/src/ip/NetworkingUtils.h; sourceTree = SOURCE_ROOT; };
		F926258ADAA6C769F0288FB6 /* glfontstash.h */ = {isa = PBXFileReference; explicitFileType = sourcecode.c.h; fileEncoding = 30; name = glfontstash.h; path = ../../../addons/ofxGLEditor/libs/fontstash/include/glfontstash.h; sourceTree = SOURCE_ROOT; };
		F94DED1B7C14571FD3F16BA5 /* lmem.c */ = {isa = PBXFileReference; explicitFileType = sourcecode.c.c; fileEncoding = 30; name = lmem.c; path = ../../../addons/ofxLua/libs/lua/lmem.c; sourceTree = SOURCE_ROOT; };
		FBA650A739F745165AC61CB5 /* lua.hpp */ = {isa = PBXFileReference; explicitFileType = sourcecode.c.h; fileEncoding = 30; name = lua.hpp; path = ../../../addons/ofxLua/libs/lua/lua.hpp; sourceTree = SOURCE_ROOT; };
		FC7E9B4A22D8921421C51E3C /* ofxScene.cpp */ = {isa = PBXFileReference; explicitFileType = sourcecode.cpp.cpp; fileEncoding = 30; name = ofxScene.cpp; path = ../../../addons/ofxAppUtils/src/ofxScene.cpp; sourceTree = SOURCE_ROOT; };
		FFDAFB446279146D11303F8C /* lapi.h */ = {isa = PBXFileReference; explicitFileType = sourcecode.c.h; fileEncoding = 30; name = lapi.h; path = ../../../addons/ofxLua/libs/lua/lapi.h; sourceTree = SOURCE_ROOT; };
/* End PBXFileReference section */

/* Begin PBXFrameworksBuildPhase section */
		E4B69B590A3A1756003C02F2 /* Frameworks */ = {
			isa = PBXFrameworksBuildPhase;
			buildActionMask = 2147483647;
			files = (
				E4328149138ABC9F0047C5CB /* openFrameworksDebug.a in Frameworks */,
			);
			runOnlyForDeploymentPostprocessing = 0;
		};
/* End PBXFrameworksBuildPhase section */

/* Begin PBXGroup section */
		04CC8AC17FD7E6D1BE69FB9C /* src */ = {
			isa = PBXGroup;
			children = (
				654312303DCC69B59603CFA1 /* matrix_funcs.h */,
				13F6D638F5246F6426128157 /* ofxApp.cpp */,
				AD4ED35C34C7716523E3F68E /* ofxApp.h */,
				57D9B46A6C79CBA14BA11339 /* ofxAppUtils.h */,
				097FCE1BD109D98ECB276D32 /* ofxBitmapString.h */,
				C544FD7B31B1AB7D56AEA53E /* ofxMovingAverage.h */,
				55B76645E4D8D78EFD4175AE /* ofxParticle.cpp */,
				EA11F25C2EEDD0CC8B994E63 /* ofxParticle.h */,
				B8171158AAAA0027520EEAF7 /* ofxParticleManager.h */,
				63730F5F8A1ABA6F5DB78E7B /* ofxQuadWarper.cpp */,
				0CD7E22B01780B878CDBA02D /* ofxQuadWarper.h */,
				FC7E9B4A22D8921421C51E3C /* ofxScene.cpp */,
				68D59562196FADBB3D4F19E3 /* ofxScene.h */,
				83527A3E3C29064BB9B26AC5 /* ofxSceneManager.cpp */,
				6BA8A23114597204D5C68767 /* ofxSceneManager.h */,
				917E84E4F57957F7A5BD76F7 /* ofxTimer.h */,
				75FF1054D5948D7EDDD30E44 /* ofxTransformer.cpp */,
				CFE9EE9D8E455627CEA7347F /* ofxTransformer.h */,
			);
			name = src;
			sourceTree = "<group>";
		};
		05EA4C5EAFF080E1443C5D23 /* bindings */ = {
			isa = PBXGroup;
			children = (
				633A6FB9848F6EBEF40773F4 /* desktop */,
				D1E255E3725B9EF7F3B976AF /* ofxLuaBindings.h */,
			);
			name = bindings;
			sourceTree = "<group>";
		};
		08C52F241BDDE296997D9343 /* src */ = {
			isa = PBXGroup;
			children = (
				B0B8025979F9C25A030204A6 /* ofxEditor.cpp */,
				831C416334D480A6D123B8F8 /* ofxEditor.h */,
				6D4405C4FDE6367F00C5DE69 /* ofxEditorColorScheme.cpp */,
				6C1C49F3FDEBED75E0E3AC67 /* ofxEditorColorScheme.h */,
				199D3E543E8D50FFFBB159F9 /* ofxEditorFont.cpp */,
				AB86B0CA1C2DBA53388C022E /* ofxEditorFont.h */,
				99718C66FC5D91F08D6CBA7A /* ofxEditorSettings.cpp */,
				CACA79E26529CC8D840FA05A /* ofxEditorSettings.h */,
				C55A501FE09B6D3545B13FCC /* ofxEditorSyntax.cpp */,
				8FE15579C1852E388FF0858A /* ofxEditorSyntax.h */,
				4679707807EF2CBCAAEF8BF7 /* ofxFileDialog.cpp */,
				AB61BCCFA598AC3D63F98198 /* ofxFileDialog.h */,
				24BC94DC303139BF39B61369 /* ofxGLEditor.cpp */,
				16440F42B6E23F2F6793334F /* ofxGLEditor.h */,
				D82F4F7F1EA4FDA3F6C0104E /* ofxRepl.cpp */,
				A3BECC1A840DED0C2712376F /* ofxRepl.h */,
				8C9434C4D1346F228494101F /* Unicode.cpp */,
				A3864021DAD568AF1BB6D26D /* Unicode.h */,
			);
			name = src;
			sourceTree = "<group>";
		};
		0C684ED85E8F74189BF3AACA /* osc */ = {
			isa = PBXGroup;
			children = (
				BE115B6C875269D23FEF1395 /* OscObject.cpp */,
				5C9E9B3D5977C6EC92EB75D4 /* OscObject.h */,
				3EC136FE68D029712FD115F7 /* OscReceiver.cpp */,
				896EC9C53CAC8D632FE45528 /* OscReceiver.h */,
			);
			name = osc;
			sourceTree = "<group>";
		};
		13ED62F0CD3B889287749715 /* ofxLua */ = {
			isa = PBXGroup;
			children = (
				F1F6E70C786CB409937E7F60 /* src */,
				F1A240160281F5626FEEF82B /* libs */,
			);
			name = ofxLua;
			sourceTree = "<group>";
		};
		168F64C7BA85EE762BFD7E34 /* bindings */ = {
			isa = PBXGroup;
			children = (
				4801B1141648F6E78FBC8B53 /* Osc.h */,
				DF2A2AF6194EFE99106A035D /* OscBindings.cpp */,
				D20C3309F863F6F3C3FA053E /* Visual.h */,
				34580F7B6C2A9868431DF8DE /* VisualBindings.cpp */,
			);
			name = bindings;
			sourceTree = "<group>";
		};
		30ACD9171C1686EE00C2526E /* options */ = {
			isa = PBXGroup;
			children = (
				30ACD9181C1686EE00C2526E /* optionparser.h */,
				30ACD9191C1686EE00C2526E /* Options.h */,
			);
			path = options;
			sourceTree = "<group>";
		};
		30CB364908817057B430D528 /* osc */ = {
			isa = PBXGroup;
			children = (
				AE335EB4709BFD4671EEAC84 /* MessageMappingOscPacketListener.h */,
				F4F5B6B8BA2BD52C646ED908 /* OscException.h */,
				A2AAA8CA403479E6FCDF920E /* OscHostEndianness.h */,
				63A47AC60FFAFC3BF093EC0F /* OscOutboundPacketStream.cpp */,
				029684CF678F70F6D3537A29 /* OscOutboundPacketStream.h */,
				6B65E6930994CC4B2D2B8B33 /* OscPacketListener.h */,
				BC8881B3C8C0A1C45F042E7A /* OscPrintReceivedElements.cpp */,
				4E95FB446A9C9C6F0DE12D75 /* OscPrintReceivedElements.h */,
				9BF3AA0D4FAA89D0F8A0E545 /* OscReceivedElements.cpp */,
				20F35AFADAF0068B067E713F /* OscReceivedElements.h */,
				D9BFFBBF4CC43DEE890B3C3E /* OscTypes.cpp */,
				C6937888E126BADC8777423B /* OscTypes.h */,
			);
			name = osc;
			sourceTree = "<group>";
		};
		38871A5825686AE018EC2BF0 /* libs */ = {
			isa = PBXGroup;
			children = (
				86D2677079A3AF4A5A88E29A /* oscpack */,
			);
			name = libs;
			sourceTree = "<group>";
		};
		39390FCFCB868C49F0C78CB5 /* lua */ = {
			isa = PBXGroup;
			children = (
				E4CF6DEEF8657074E7B2C9C4 /* lapi.c */,
				FFDAFB446279146D11303F8C /* lapi.h */,
				A8CF1C4E899A835167E0FCE4 /* lauxlib.c */,
				BB36A537252B2CD5BCC7614D /* lauxlib.h */,
				296C407E228207FA81337437 /* lbaselib.c */,
				4F161E29246E373138B1BB10 /* lbitlib.c */,
				CCF2E41663BA9C6F740A7E33 /* lcode.c */,
				8D8510C3345C50496CF2D634 /* lcode.h */,
				58B254302DBE9D119FC5D0AA /* lcorolib.c */,
				6FAF0C4D7597AE154B9634B6 /* lctype.c */,
				CF6753649DA389DFDE3EFB97 /* lctype.h */,
				6B6EDE2EBF72F0F1596B35EA /* ldblib.c */,
				EB6096A02E17D32D1323C466 /* ldebug.c */,
				ED3A1DEC0EB31A0D7F84F4F5 /* ldebug.h */,
				BE9397B700B753A501D673CB /* ldo.c */,
				42E0E01965D0F7A39E77BD6A /* ldo.h */,
				09A03334BDC8D640D4982303 /* ldump.c */,
				855F31F917FFF2933D3AA429 /* lfunc.c */,
				5DBE6BB688AFA04A3BB83F8E /* lfunc.h */,
				696E205ED12F8177BB1469B9 /* lgc.c */,
				DEF2A2A17839B2B6C96CF874 /* lgc.h */,
				2CDDC78DA55660F5B8754D12 /* linit.c */,
				6A8B3F5DCF03CDA3ED3EE13E /* liolib.c */,
				A7CE3D8FEA79E0D9B03143D0 /* llex.c */,
				888E021963530D71DC2E2024 /* llex.h */,
				6678200CF3C7F037DAD79150 /* llimits.h */,
				4462FFD933C0AB104324853D /* lmathlib.c */,
				F94DED1B7C14571FD3F16BA5 /* lmem.c */,
				54483CE9DFF4159E16DCCCC5 /* lmem.h */,
				9A23F358E3C1201C0B842973 /* loadlib.c */,
				B19774FE66A7F796C080D28D /* lobject.c */,
				B7F744168F5F9F9D73E0C6FC /* lobject.h */,
				17E553E00F5C6AFAC6D09C7C /* lopcodes.c */,
				2F4C4D2EBF36C1728B54C40D /* lopcodes.h */,
				46B044906DD09B9F75E26B56 /* loslib.c */,
				AEA75D1B35E00A9F279E2916 /* lparser.c */,
				EE11492227233B7B2892C6AF /* lparser.h */,
				59D51C03B14455816C5F28B7 /* lprefix.h */,
				A0F13E8B195521D39BD43E29 /* lstate.c */,
				31603EE2E9AB06CCA2C675AD /* lstate.h */,
				3F4A1FE5CBE689DE190D0C14 /* lstring.c */,
				E6C926CA7EF6E1AC4DDA5E54 /* lstring.h */,
				C9973CED0CB809047C3628A3 /* lstrlib.c */,
				327879B347519E1E5636BC19 /* ltable.c */,
				B1992EDEAA163CA002BB8169 /* ltable.h */,
				2BED8D38C0082F7845E59C06 /* ltablib.c */,
				9B88BEBF4CF97D602BB6C676 /* ltm.c */,
				2EFEE8036B389C3F0A501982 /* ltm.h */,
				E215BB56539BB0039F1482CB /* lua.h */,
				FBA650A739F745165AC61CB5 /* lua.hpp */,
				B0E84507DD6046CE9C15BD2D /* luaconf.h */,
				ED864D70679893DE968E516D /* lualib.h */,
				B2D9A0D8CCFAFFFCF4F378ED /* lundump.c */,
				81FF9CEA902BD4C4BD8E791B /* lundump.h */,
				CF8CCD760A1729866FD5C977 /* lutf8lib.c */,
				996F2C0B6706D305BBCB9B4E /* lvm.c */,
				95EAE53B9CBE6A7F86FDD273 /* lvm.h */,
				7379EB5B053F901886CD097E /* lzio.c */,
				E3C20188C8E4EBABCE962392 /* lzio.h */,
			);
			name = lua;
			sourceTree = "<group>";
		};
		545A41EA96119EBE7256C485 /* ofxAppUtils */ = {
			isa = PBXGroup;
			children = (
				04CC8AC17FD7E6D1BE69FB9C /* src */,
			);
			name = ofxAppUtils;
			sourceTree = "<group>";
		};
		633A6FB9848F6EBEF40773F4 /* desktop */ = {
			isa = PBXGroup;
			children = (
				C084CFDF45ED7B0C0F213551 /* ofxLuaBindings.cpp */,
			);
			name = desktop;
			sourceTree = "<group>";
		};
		641362CA659FAFEE4E81001B /* posix */ = {
			isa = PBXGroup;
			children = (
				3B361208CD4107E479F04E7B /* NetworkingUtils.cpp */,
				E6DEF695B88BA5FAACEAA937 /* UdpSocket.cpp */,
			);
			name = posix;
			sourceTree = "<group>";
		};
		6948EE371B920CB800B5AC1A /* local_addons */ = {
			isa = PBXGroup;
			children = (
			);
			name = local_addons;
			sourceTree = "<group>";
		};
		723BD1CA1DC131339BD857F9 /* include */ = {
			isa = PBXGroup;
			children = (
				8D09A60588F1534102401360 /* fontstash.h */,
				F926258ADAA6C769F0288FB6 /* glfontstash.h */,
				CD186F42EA22DF1DCDA1B408 /* stb_truetype.h */,
			);
			name = include;
			sourceTree = "<group>";
		};
		7852D0507871C9A7ECBD1819 /* libs */ = {
			isa = PBXGroup;
			children = (
				C15F73B810538290B14A61CB /* fontstash */,
			);
			name = libs;
			sourceTree = "<group>";
		};
		86D2677079A3AF4A5A88E29A /* oscpack */ = {
			isa = PBXGroup;
			children = (
				D27B2221A225CA523C019676 /* src */,
			);
			name = oscpack;
			sourceTree = "<group>";
		};
		9CF97C9C767B62FAD6F26EFC /* ofxGLEditor */ = {
			isa = PBXGroup;
			children = (
				08C52F241BDDE296997D9343 /* src */,
				7852D0507871C9A7ECBD1819 /* libs */,
			);
			name = ofxGLEditor;
			sourceTree = "<group>";
		};
		A1ABB69C21F1A2A0B310CA44 /* objects */ = {
			isa = PBXGroup;
			children = (
				92E9485E033116E73E290A6F /* Bitmap.cpp */,
				D81DB9A7FC999565535E14E8 /* Bitmap.h */,
				DEECC5E4443B022EF1895C5B /* DrawableObject.h */,
				E7CE65C2DCC64D0F7602129A /* Image.cpp */,
				F20E2A61F96A073B28CBBFAB /* Image.h */,
				408C644C32FEBB4279B9EC75 /* Line.h */,
				B631BA3B4EED9D803F3AB29E /* Objects.h */,
				E859A92EE55ED2498B3B7FF6 /* Pixel.h */,
				D1F50941E34606D0D7BD1D06 /* Rectangle.h */,
				D6981C62A9686CE2CBAF997F /* Script.cpp */,
				186A5E3C380FE3C1F69F5695 /* Script.h */,
				288B45DF233690FA40300694 /* Sprite.cpp */,
				C12BADEB07BA0532E6BE65C0 /* Sprite.h */,
				F76DF88CEC21FCE5F89E92DC /* Text.cpp */,
				80F7E90EBD1674330A631790 /* Text.h */,
				02BCF608FE8DEBCEFD9DD67B /* Video.cpp */,
				4DD2735BA11C4AB3015D477D /* Video.h */,
			);
			name = objects;
			sourceTree = "<group>";
		};
		BB4B014C10F69532006C3DED /* addons */ = {
			isa = PBXGroup;
			children = (
				545A41EA96119EBE7256C485 /* ofxAppUtils */,
				9CF97C9C767B62FAD6F26EFC /* ofxGLEditor */,
				13ED62F0CD3B889287749715 /* ofxLua */,
				E6053AB7FEC63D5F83825B88 /* ofxOsc */,
			);
			name = addons;
			sourceTree = "<group>";
		};
		BD2F1A9F8D0C05EDB29122D0 /* src */ = {
			isa = PBXGroup;
			children = (
				00D6D32B84B099226431108C /* ofxOsc.h */,
				7689F8A0F3D0B7635A8C3104 /* ofxOscArg.h */,
				65EEFA3DA3526E9CDD9C21F9 /* ofxOscBundle.cpp */,
				8B30E93FD3D3475EED522A0E /* ofxOscBundle.h */,
				DF49D76C45D5DB505A234880 /* ofxOscMessage.cpp */,
				C58862C6D212C8E8A83810F4 /* ofxOscMessage.h */,
				0AED834CE4DEC5260AF302A2 /* ofxOscParameterSync.cpp */,
				B31C608870ECEB2490A93736 /* ofxOscParameterSync.h */,
				C2FAC65C491D4231379F3298 /* ofxOscReceiver.cpp */,
				8C75AFC8774A62495DD53464 /* ofxOscReceiver.h */,
				81967292BFC87A0144BD32C6 /* ofxOscSender.cpp */,
				9F7986DC4EB05E75FCE2C777 /* ofxOscSender.h */,
			);
			name = src;
			sourceTree = "<group>";
		};
		C15F73B810538290B14A61CB /* fontstash */ = {
			isa = PBXGroup;
			children = (
				723BD1CA1DC131339BD857F9 /* include */,
			);
			name = fontstash;
			sourceTree = "<group>";
		};
		D27B2221A225CA523C019676 /* src */ = {
			isa = PBXGroup;
			children = (
				FF8CDF57858E9B94E3237115 /* ip */,
				30CB364908817057B430D528 /* osc */,
			);
			name = src;
			sourceTree = "<group>";
		};
		E4328144138ABC890047C5CB /* Products */ = {
			isa = PBXGroup;
			children = (
				E4328148138ABC890047C5CB /* openFrameworksDebug.a */,
			);
			name = Products;
			sourceTree = "<group>";
		};
		E4B69B4A0A3A1720003C02F2 = {
			isa = PBXGroup;
			children = (
				E4B6FCAD0C3E899E008CF71C /* openFrameworks-Info.plist */,
				E4EB6923138AFD0F00A09F29 /* Project.xcconfig */,
				30724B5C1C0F025C007299B0 /* data */,
				E4B69E1C0A3A1BDC003C02F2 /* src */,
				E4EEC9E9138DF44700A80321 /* openFrameworks */,
				BB4B014C10F69532006C3DED /* addons */,
				6948EE371B920CB800B5AC1A /* local_addons */,
				E4B69B5B0A3A1756003C02F2 /* VisualDebug.app */,
			);
			sourceTree = "<group>";
		};
		E4B69E1C0A3A1BDC003C02F2 /* src */ = {
			isa = PBXGroup;
			children = (
				E4B69E1D0A3A1BDC003C02F2 /* main.cpp */,
				E4B69E1E0A3A1BDC003C02F2 /* ofApp.cpp */,
				E4B69E1F0A3A1BDC003C02F2 /* ofApp.h */,
				168F64C7BA85EE762BFD7E34 /* bindings */,
				2BDAA52E813D91B19F142ACF /* Config.cpp */,
				97AC5D82D06DAB2345FDB039 /* Config.h */,
				A1ABB69C21F1A2A0B310CA44 /* objects */,
				30ACD9171C1686EE00C2526E /* options */,
				0C684ED85E8F74189BF3AACA /* osc */,
				EB44A010BAF7376E17B981A9 /* ResourceManager.cpp */,
				B32E123FF58DE52B711F056C /* ResourceManager.h */,
				781F73BF02A917F9C115B165 /* Scene.cpp */,
				195129592521AA26628BA6CE /* Scene.h */,
				22EDA5A62C642C37311C4384 /* SceneManager.cpp */,
				EB0CB2C7A9C3A06F58066A2F /* SceneManager.h */,
				235746572F760172F48AC44C /* ScriptEngine.cpp */,
				2BF4F48BAC0AED62474819F4 /* ScriptEngine.h */,
			);
			path = src;
			sourceTree = SOURCE_ROOT;
		};
		E4EEC9E9138DF44700A80321 /* openFrameworks */ = {
			isa = PBXGroup;
			children = (
				E4EB691F138AFCF100A09F29 /* CoreOF.xcconfig */,
				E4328143138ABC890047C5CB /* openFrameworksLib.xcodeproj */,
			);
			name = openFrameworks;
			sourceTree = "<group>";
		};
		E6053AB7FEC63D5F83825B88 /* ofxOsc */ = {
			isa = PBXGroup;
			children = (
				BD2F1A9F8D0C05EDB29122D0 /* src */,
				38871A5825686AE018EC2BF0 /* libs */,
			);
			name = ofxOsc;
			sourceTree = "<group>";
		};
		F1A240160281F5626FEEF82B /* libs */ = {
			isa = PBXGroup;
			children = (
				39390FCFCB868C49F0C78CB5 /* lua */,
			);
			name = libs;
			sourceTree = "<group>";
		};
		F1F6E70C786CB409937E7F60 /* src */ = {
			isa = PBXGroup;
			children = (
				05EA4C5EAFF080E1443C5D23 /* bindings */,
				DC94311C7CEBBF025EAB0087 /* ofxLua.cpp */,
				654D9D3FD3248EFA16D6DDFB /* ofxLua.h */,
				9BCCBA18FA85C5A2A68DC1E5 /* ofxLuaFileWriter.cpp */,
				E6197C6C6F1FCEB4F3565E7A /* ofxLuaFileWriter.h */,
			);
			name = src;
			sourceTree = "<group>";
		};
		FF8CDF57858E9B94E3237115 /* ip */ = {
			isa = PBXGroup;
			children = (
				ADD194746185E2DA11468377 /* IpEndpointName.cpp */,
				48974F980F51769171D0B2F5 /* IpEndpointName.h */,
				F7FBC56859535E597B24BB91 /* NetworkingUtils.h */,
				23640F57DF6C4BB6BFC5DA4C /* PacketListener.h */,
				641362CA659FAFEE4E81001B /* posix */,
				444657A12E59D0ED86981498 /* TimerListener.h */,
				2FD4B0329909D3527F003494 /* UdpSocket.h */,
			);
			name = ip;
			sourceTree = "<group>";
		};
/* End PBXGroup section */

/* Begin PBXNativeTarget section */
		E4B69B5A0A3A1756003C02F2 /* Visual */ = {
			isa = PBXNativeTarget;
			buildConfigurationList = E4B69B5F0A3A1757003C02F2 /* Build configuration list for PBXNativeTarget "Visual" */;
			buildPhases = (
				E4B69B580A3A1756003C02F2 /* Sources */,
				E4B69B590A3A1756003C02F2 /* Frameworks */,
				E4B6FFFD0C3F9AB9008CF71C /* ShellScript */,
				E4C2427710CC5ABF004149E2 /* CopyFiles */,
			);
			buildRules = (
			);
			dependencies = (
				E4EEB9AC138B136A00A80321 /* PBXTargetDependency */,
			);
			name = Visual;
			productName = myOFApp;
			productReference = E4B69B5B0A3A1756003C02F2 /* VisualDebug.app */;
			productType = "com.apple.product-type.application";
		};
/* End PBXNativeTarget section */

/* Begin PBXProject section */
		E4B69B4C0A3A1720003C02F2 /* Project object */ = {
			isa = PBXProject;
			attributes = {
				LastUpgradeCheck = 0600;
			};
			buildConfigurationList = E4B69B4D0A3A1720003C02F2 /* Build configuration list for PBXProject "Visual" */;
			compatibilityVersion = "Xcode 3.2";
			developmentRegion = English;
			hasScannedForEncodings = 0;
			knownRegions = (
				English,
				Japanese,
				French,
				German,
			);
			mainGroup = E4B69B4A0A3A1720003C02F2;
			productRefGroup = E4B69B4A0A3A1720003C02F2;
			projectDirPath = "";
			projectReferences = (
				{
					ProductGroup = E4328144138ABC890047C5CB /* Products */;
					ProjectRef = E4328143138ABC890047C5CB /* openFrameworksLib.xcodeproj */;
				},
			);
			projectRoot = "";
			targets = (
				E4B69B5A0A3A1756003C02F2 /* Visual */,
			);
		};
/* End PBXProject section */

/* Begin PBXReferenceProxy section */
		E4328148138ABC890047C5CB /* openFrameworksDebug.a */ = {
			isa = PBXReferenceProxy;
			fileType = archive.ar;
			path = openFrameworksDebug.a;
			remoteRef = E4328147138ABC890047C5CB /* PBXContainerItemProxy */;
			sourceTree = BUILT_PRODUCTS_DIR;
		};
/* End PBXReferenceProxy section */

/* Begin PBXShellScriptBuildPhase section */
		E4B6FFFD0C3F9AB9008CF71C /* ShellScript */ = {
			isa = PBXShellScriptBuildPhase;
			buildActionMask = 2147483647;
			files = (
			);
			inputPaths = (
			);
			outputPaths = (
			);
			runOnlyForDeploymentPostprocessing = 0;
			shellPath = /bin/sh;
			shellScript = "rsync -aved ../../../libs/fmodex/lib/osx/libfmodex.dylib \"$TARGET_BUILD_DIR/$PRODUCT_NAME.app/Contents/MacOS/\"; install_name_tool -change ./libfmodex.dylib @executable_path/libfmodex.dylib \"$TARGET_BUILD_DIR/$PRODUCT_NAME.app/Contents/MacOS/$PRODUCT_NAME\";\nmkdir -p \"$TARGET_BUILD_DIR/$PRODUCT_NAME.app/Contents/Resources/\"\nrsync -aved \"$ICON_FILE\" \"$TARGET_BUILD_DIR/$PRODUCT_NAME.app/Contents/Resources/\"\nrsync -aved ../../../libs/glut/lib/osx/GLUT.framework \"$TARGET_BUILD_DIR/$PRODUCT_NAME.app/Contents/Frameworks/\"\n";
		};
/* End PBXShellScriptBuildPhase section */

/* Begin PBXSourcesBuildPhase section */
		E4B69B580A3A1756003C02F2 /* Sources */ = {
			isa = PBXSourcesBuildPhase;
			buildActionMask = 2147483647;
			files = (
				E4B69E200A3A1BDC003C02F2 /* main.cpp in Sources */,
				E4B69E210A3A1BDC003C02F2 /* ofApp.cpp in Sources */,
				B67C0F268579847880CFC8A9 /* OscBindings.cpp in Sources */,
				1B2BDEFC641D5E127E42496D /* VisualBindings.cpp in Sources */,
				FADB76AE01CA121D3F41E57A /* Config.cpp in Sources */,
				BDA470AE4DF0571CBBCE8E8C /* Bitmap.cpp in Sources */,
				222B6C0C7A8F0FB101CB01AE /* Image.cpp in Sources */,
				43200B2CA40301437EEF6F28 /* Script.cpp in Sources */,
				F0728FA34BDEF5AB6E376394 /* Sprite.cpp in Sources */,
				7716C97575CFEB8BB9175A6F /* Text.cpp in Sources */,
				FC69A079CA65D784F1C10D26 /* Video.cpp in Sources */,
				13AAB2CF5E380A3F2634EF01 /* OscObject.cpp in Sources */,
				D59FC22E8FFFC419D5380A97 /* OscReceiver.cpp in Sources */,
				A821CB7F2182BA7070FB8E8C /* ResourceManager.cpp in Sources */,
				85AE65F04F163000EF630F5C /* Scene.cpp in Sources */,
				AC29B7A7FEDB0A378D08F41D /* SceneManager.cpp in Sources */,
				36FB91677CB0BF0EC5D92DB3 /* ScriptEngine.cpp in Sources */,
				E82EBA1255FE3AC639FCA904 /* ofxApp.cpp in Sources */,
				57178B2F9865D0F7A2408D49 /* ofxParticle.cpp in Sources */,
				D8C70DB2BC6120D71EBF23DC /* ofxQuadWarper.cpp in Sources */,
				7F587E2192AA95C424BF91AB /* ofxScene.cpp in Sources */,
				EAC9F547A30B052D9752D4CC /* ofxSceneManager.cpp in Sources */,
				5F9A42BB0D0E7BE2A7F62FDB /* ofxTransformer.cpp in Sources */,
				FF393FD80B6AB58FBAA126CC /* ofxEditor.cpp in Sources */,
				E874FA147A1642EC2BC94C33 /* ofxEditorColorScheme.cpp in Sources */,
				398F4583766AA26A553E36B9 /* ofxEditorFont.cpp in Sources */,
				95CCD8CC3489307961DCA2C2 /* ofxEditorSettings.cpp in Sources */,
				689A2E396D4CE7B26BFC500D /* ofxEditorSyntax.cpp in Sources */,
				0E16681A943DAF914FD70069 /* ofxFileDialog.cpp in Sources */,
				507CEDC155E968FCBD9FF33C /* ofxGLEditor.cpp in Sources */,
				4AFCB170EFD78ADCCFAAF6F2 /* ofxRepl.cpp in Sources */,
				6E519BD2FB1F63665E6903B5 /* Unicode.cpp in Sources */,
				2DA82460994281E4C819ED5D /* ofxLuaBindings.cpp in Sources */,
				CB6DAEA8EE562CFFA503375D /* ofxLua.cpp in Sources */,
				2991D66A82B2AF8F0DF2BBFD /* ofxLuaFileWriter.cpp in Sources */,
				4B6798D99BBE9A4429BCD053 /* lapi.c in Sources */,
				10497A206B4FE11B14A81B2C /* lauxlib.c in Sources */,
				2B43CA2C2B2102B98853E585 /* lbaselib.c in Sources */,
				ADEF9A4797FFD7EE6BE4E1D7 /* lbitlib.c in Sources */,
				CEAB7FF44CA3A33DB36A49C5 /* lcode.c in Sources */,
				64D548E14B9CF3F3222F6CEE /* lcorolib.c in Sources */,
				16A28D418065E3E07859F565 /* lctype.c in Sources */,
				08005D62107F95B9E29F6258 /* ldblib.c in Sources */,
				CD9DCEF4F64E0D6EB0CB7F7D /* ldebug.c in Sources */,
				792D9903388D026B87DE63D5 /* ldo.c in Sources */,
				A91B393E99FC3079CD08B174 /* ldump.c in Sources */,
				02E27B38F17BEF76FF522D42 /* lfunc.c in Sources */,
				A500B9161420CD9E9F7DDB39 /* lgc.c in Sources */,
				AAA4E1BE9B2164E1642CC5C6 /* linit.c in Sources */,
				D29276FE4E80D1ADA21FA5CC /* liolib.c in Sources */,
				2A1E8DDFAC0050E914B898E0 /* llex.c in Sources */,
				EFFEE86E935F20BE80B1076C /* lmathlib.c in Sources */,
				8C63119EB0D1E9E31D9B226C /* lmem.c in Sources */,
				8A939BF918ABF4857690F42F /* loadlib.c in Sources */,
				0FD2865C5D8A0BFE69E95547 /* lobject.c in Sources */,
				2CEA5A91F769BB162C8D046A /* lopcodes.c in Sources */,
				0699C1CEAB1C5BB0A5D62A33 /* loslib.c in Sources */,
				F7513467F92F7AF3DAD30251 /* lparser.c in Sources */,
				50910FB3A58F53BC16FAE224 /* lstate.c in Sources */,
				B31C96361B8DC4B6AAF564B4 /* lstring.c in Sources */,
				143D5E9F06D51CC05B7F784B /* lstrlib.c in Sources */,
				39BD2D99826301E9CE4711A3 /* ltable.c in Sources */,
				CBAA7E526D0702B85FE6C904 /* ltablib.c in Sources */,
				831B7F0AB029001B586D0B93 /* ltm.c in Sources */,
				35FC7D61E8DCE5721FF3F371 /* lundump.c in Sources */,
				9008DBA5C88FEF0B162B7230 /* lutf8lib.c in Sources */,
				A9F56084DF3D0538D788C159 /* lvm.c in Sources */,
				64512EE0A57FFC207D21B968 /* lzio.c in Sources */,
				72A929D3561B8232A182ABFC /* ofxOscBundle.cpp in Sources */,
				5864AD82E20F15536D054EA3 /* ofxOscMessage.cpp in Sources */,
				4ADB88E2FB52E76A471065DE /* ofxOscParameterSync.cpp in Sources */,
				640279EE111671BD026CB013 /* ofxOscReceiver.cpp in Sources */,
				8F5205AEF8861EF234F0651A /* ofxOscSender.cpp in Sources */,
				ADE367465D2A8EBAD4C7A8D9 /* IpEndpointName.cpp in Sources */,
				67FE4C7B15C2F0478C8126C2 /* NetworkingUtils.cpp in Sources */,
				510CAFE035E576A4E1502D52 /* UdpSocket.cpp in Sources */,
				62545D179C94265CA1389D4A /* OscOutboundPacketStream.cpp in Sources */,
				C4782ECC372420ACE0615B74 /* OscPrintReceivedElements.cpp in Sources */,
				0546D1A38E13BD319CC9755B /* OscReceivedElements.cpp in Sources */,
				879A251454401BC0B6E4F238 /* OscTypes.cpp in Sources */,
			);
			runOnlyForDeploymentPostprocessing = 0;
		};
/* End PBXSourcesBuildPhase section */

/* Begin PBXTargetDependency section */
		E4EEB9AC138B136A00A80321 /* PBXTargetDependency */ = {
			isa = PBXTargetDependency;
			name = openFrameworks;
			targetProxy = E4EEB9AB138B136A00A80321 /* PBXContainerItemProxy */;
		};
/* End PBXTargetDependency section */

/* Begin XCBuildConfiguration section */
		E4B69B4E0A3A1720003C02F2 /* Debug */ = {
			isa = XCBuildConfiguration;
			baseConfigurationReference = E4EB6923138AFD0F00A09F29 /* Project.xcconfig */;
			buildSettings = {
				CONFIGURATION_BUILD_DIR = "$(SRCROOT)/bin/";
				COPY_PHASE_STRIP = NO;
				DEAD_CODE_STRIPPING = YES;
				GCC_AUTO_VECTORIZATION = YES;
				GCC_ENABLE_SSE3_EXTENSIONS = YES;
				GCC_ENABLE_SUPPLEMENTAL_SSE3_INSTRUCTIONS = YES;
				GCC_INLINES_ARE_PRIVATE_EXTERN = NO;
				GCC_OPTIMIZATION_LEVEL = 0;
				GCC_SYMBOLS_PRIVATE_EXTERN = NO;
				GCC_WARN_ABOUT_DEPRECATED_FUNCTIONS = YES;
				GCC_WARN_ABOUT_INVALID_OFFSETOF_MACRO = NO;
				GCC_WARN_ALLOW_INCOMPLETE_PROTOCOL = NO;
				GCC_WARN_UNINITIALIZED_AUTOS = NO;
				GCC_WARN_UNUSED_VALUE = NO;
				GCC_WARN_UNUSED_VARIABLE = NO;
				HEADER_SEARCH_PATHS = (
					"$(OF_CORE_HEADERS)",
					src,
					src/bindings,
					src/objects,
					src/osc,
					src/tclap,
					../../../addons/ofxAppUtils/src,
					../../../addons/ofxGLEditor/libs,
					../../../addons/ofxGLEditor/libs/fontstash,
					../../../addons/ofxGLEditor/libs/fontstash/include,
					../../../addons/ofxGLEditor/src,
					../../../addons/ofxLua/libs,
					../../../addons/ofxLua/libs/lua,
					../../../addons/ofxLua/src,
					../../../addons/ofxLua/src/bindings,
					../../../addons/ofxLua/src/bindings/desktop,
					../../../addons/ofxLua/src/bindings/ios,
					../../../addons/ofxLua/src/bindings/linuxarm,
					../../../addons/ofxOsc/libs,
					../../../addons/ofxOsc/libs/oscpack,
					../../../addons/ofxOsc/libs/oscpack/src,
					../../../addons/ofxOsc/libs/oscpack/src/ip,
					../../../addons/ofxOsc/libs/oscpack/src/ip/posix,
					../../../addons/ofxOsc/libs/oscpack/src/ip/win32,
					../../../addons/ofxOsc/libs/oscpack/src/osc,
					../../../addons/ofxOsc/src,
				);
				MACOSX_DEPLOYMENT_TARGET = 10.8;
				ONLY_ACTIVE_ARCH = YES;
				OTHER_CPLUSPLUSFLAGS = (
					"-D__MACOSX_CORE__",
					"-mtune=native",
				);
				SDKROOT = macosx;
			};
			name = Debug;
		};
		E4B69B4F0A3A1720003C02F2 /* Release */ = {
			isa = XCBuildConfiguration;
			baseConfigurationReference = E4EB6923138AFD0F00A09F29 /* Project.xcconfig */;
			buildSettings = {
				CONFIGURATION_BUILD_DIR = "$(SRCROOT)/bin/";
				COPY_PHASE_STRIP = YES;
				DEAD_CODE_STRIPPING = YES;
				GCC_AUTO_VECTORIZATION = YES;
				GCC_ENABLE_SSE3_EXTENSIONS = YES;
				GCC_ENABLE_SUPPLEMENTAL_SSE3_INSTRUCTIONS = YES;
				GCC_INLINES_ARE_PRIVATE_EXTERN = NO;
				GCC_OPTIMIZATION_LEVEL = 3;
				GCC_SYMBOLS_PRIVATE_EXTERN = NO;
				GCC_UNROLL_LOOPS = YES;
				GCC_WARN_ABOUT_DEPRECATED_FUNCTIONS = YES;
				GCC_WARN_ABOUT_INVALID_OFFSETOF_MACRO = NO;
				GCC_WARN_ALLOW_INCOMPLETE_PROTOCOL = NO;
				GCC_WARN_UNINITIALIZED_AUTOS = NO;
				GCC_WARN_UNUSED_VALUE = NO;
				GCC_WARN_UNUSED_VARIABLE = NO;
				HEADER_SEARCH_PATHS = (
					"$(OF_CORE_HEADERS)",
					src,
					src/bindings,
					src/objects,
					src/osc,
					src/tclap,
					../../../addons/ofxAppUtils/src,
					../../../addons/ofxGLEditor/libs,
					../../../addons/ofxGLEditor/libs/fontstash,
					../../../addons/ofxGLEditor/libs/fontstash/include,
					../../../addons/ofxGLEditor/src,
					../../../addons/ofxLua/libs,
					../../../addons/ofxLua/libs/lua,
					../../../addons/ofxLua/src,
					../../../addons/ofxLua/src/bindings,
					../../../addons/ofxLua/src/bindings/desktop,
					../../../addons/ofxLua/src/bindings/ios,
					../../../addons/ofxLua/src/bindings/linuxarm,
					../../../addons/ofxOsc/libs,
					../../../addons/ofxOsc/libs/oscpack,
					../../../addons/ofxOsc/libs/oscpack/src,
					../../../addons/ofxOsc/libs/oscpack/src/ip,
					../../../addons/ofxOsc/libs/oscpack/src/ip/posix,
					../../../addons/ofxOsc/libs/oscpack/src/ip/win32,
					../../../addons/ofxOsc/libs/oscpack/src/osc,
					../../../addons/ofxOsc/src,
				);
				MACOSX_DEPLOYMENT_TARGET = 10.8;
				OTHER_CPLUSPLUSFLAGS = (
					"-D__MACOSX_CORE__",
					"-mtune=native",
				);
				SDKROOT = macosx;
			};
			name = Release;
		};
		E4B69B600A3A1757003C02F2 /* Debug */ = {
			isa = XCBuildConfiguration;
			baseConfigurationReference = E4EB6923138AFD0F00A09F29 /* Project.xcconfig */;
			buildSettings = {
				COMBINE_HIDPI_IMAGES = YES;
				COPY_PHASE_STRIP = NO;
				FRAMEWORK_SEARCH_PATHS = (
					"$(inherited)",
					"$(FRAMEWORK_SEARCH_PATHS_QUOTED_FOR_TARGET_1)",
				);
				FRAMEWORK_SEARCH_PATHS_QUOTED_FOR_TARGET_1 = "\"$(SRCROOT)/../../../libs/glut/lib/osx\"";
				GCC_DYNAMIC_NO_PIC = NO;
				GCC_GENERATE_DEBUGGING_SYMBOLS = YES;
				GCC_MODEL_TUNING = NONE;
				HEADER_SEARCH_PATHS = (
					"$(OF_CORE_HEADERS)",
					src,
					src/bindings,
					src/objects,
					src/osc,
					src/tclap,
					../../../addons/ofxAppUtils/src,
					../../../addons/ofxGLEditor/libs,
					../../../addons/ofxGLEditor/libs/fontstash,
					../../../addons/ofxGLEditor/libs/fontstash/include,
					../../../addons/ofxGLEditor/src,
					../../../addons/ofxLua/libs,
					../../../addons/ofxLua/libs/lua,
					../../../addons/ofxLua/src,
					../../../addons/ofxLua/src/bindings,
					../../../addons/ofxLua/src/bindings/desktop,
					../../../addons/ofxLua/src/bindings/ios,
					../../../addons/ofxLua/src/bindings/linuxarm,
					../../../addons/ofxOsc/libs,
					../../../addons/ofxOsc/libs/oscpack,
					../../../addons/ofxOsc/libs/oscpack/src,
					../../../addons/ofxOsc/libs/oscpack/src/ip,
					../../../addons/ofxOsc/libs/oscpack/src/ip/posix,
					../../../addons/ofxOsc/libs/oscpack/src/ip/win32,
					../../../addons/ofxOsc/libs/oscpack/src/osc,
					../../../addons/ofxOsc/src,
				);
				ICON = "$(ICON_NAME_DEBUG)";
				ICON_FILE = "$(ICON_FILE_PATH)$(ICON)";
				INFOPLIST_FILE = "openFrameworks-Info.plist";
				INSTALL_PATH = "$(HOME)/Applications";
				LIBRARY_SEARCH_PATHS = "$(inherited)";
				PRODUCT_NAME = "$(TARGET_NAME)Debug";
				WRAPPER_EXTENSION = app;
			};
			name = Debug;
		};
		E4B69B610A3A1757003C02F2 /* Release */ = {
			isa = XCBuildConfiguration;
			baseConfigurationReference = E4EB6923138AFD0F00A09F29 /* Project.xcconfig */;
			buildSettings = {
				COMBINE_HIDPI_IMAGES = YES;
				COPY_PHASE_STRIP = YES;
				FRAMEWORK_SEARCH_PATHS = (
					"$(inherited)",
					"$(FRAMEWORK_SEARCH_PATHS_QUOTED_FOR_TARGET_1)",
				);
				FRAMEWORK_SEARCH_PATHS_QUOTED_FOR_TARGET_1 = "\"$(SRCROOT)/../../../libs/glut/lib/osx\"";
				GCC_GENERATE_DEBUGGING_SYMBOLS = YES;
				GCC_MODEL_TUNING = NONE;
				HEADER_SEARCH_PATHS = (
					"$(OF_CORE_HEADERS)",
					src,
					src/bindings,
					src/objects,
					src/osc,
					src/tclap,
					../../../addons/ofxAppUtils/src,
					../../../addons/ofxGLEditor/libs,
					../../../addons/ofxGLEditor/libs/fontstash,
					../../../addons/ofxGLEditor/libs/fontstash/include,
					../../../addons/ofxGLEditor/src,
					../../../addons/ofxLua/libs,
					../../../addons/ofxLua/libs/lua,
					../../../addons/ofxLua/src,
					../../../addons/ofxLua/src/bindings,
					../../../addons/ofxLua/src/bindings/desktop,
					../../../addons/ofxLua/src/bindings/ios,
					../../../addons/ofxLua/src/bindings/linuxarm,
					../../../addons/ofxOsc/libs,
					../../../addons/ofxOsc/libs/oscpack,
					../../../addons/ofxOsc/libs/oscpack/src,
					../../../addons/ofxOsc/libs/oscpack/src/ip,
					../../../addons/ofxOsc/libs/oscpack/src/ip/posix,
					../../../addons/ofxOsc/libs/oscpack/src/ip/win32,
					../../../addons/ofxOsc/libs/oscpack/src/osc,
					../../../addons/ofxOsc/src,
				);
				ICON = "$(ICON_NAME_RELEASE)";
				ICON_FILE = "$(ICON_FILE_PATH)$(ICON)";
				INFOPLIST_FILE = "openFrameworks-Info.plist";
				INSTALL_PATH = "$(HOME)/Applications";
				LIBRARY_SEARCH_PATHS = "$(inherited)";
				PRODUCT_NAME = "$(TARGET_NAME)";
				WRAPPER_EXTENSION = app;
				baseConfigurationReference = E4EB6923138AFD0F00A09F29;
			};
			name = Release;
		};
/* End XCBuildConfiguration section */

/* Begin XCConfigurationList section */
		E4B69B4D0A3A1720003C02F2 /* Build configuration list for PBXProject "Visual" */ = {
			isa = XCConfigurationList;
			buildConfigurations = (
				E4B69B4E0A3A1720003C02F2 /* Debug */,
				E4B69B4F0A3A1720003C02F2 /* Release */,
			);
			defaultConfigurationIsVisible = 0;
			defaultConfigurationName = Release;
		};
		E4B69B5F0A3A1757003C02F2 /* Build configuration list for PBXNativeTarget "Visual" */ = {
			isa = XCConfigurationList;
			buildConfigurations = (
				E4B69B600A3A1757003C02F2 /* Debug */,
				E4B69B610A3A1757003C02F2 /* Release */,
			);
			defaultConfigurationIsVisible = 0;
			defaultConfigurationName = Release;
		};
/* End XCConfigurationList section */
	};
	rootObject = E4B69B4C0A3A1720003C02F2 /* Project object */;
}
